// !$*UTF8*$!
{
	archiveVersion = 1;
	classes = {
	};
	objectVersion = 46;
	objects = {

/* Begin PBXBuildFile section */
		B232A23B1ACB96DB009EF8C5 /* KTCommonInfo.m in Sources */ = {isa = PBXBuildFile; fileRef = B232A1691ACB96DB009EF8C5 /* KTCommonInfo.m */; };
		B232A27B1ACB96DB009EF8C5 /* KTTabBar.m in Sources */ = {isa = PBXBuildFile; fileRef = B232A21E1ACB96DB009EF8C5 /* KTTabBar.m */; };
		B232A27C1ACB96DB009EF8C5 /* KTTabBarController.m in Sources */ = {isa = PBXBuildFile; fileRef = B232A2201ACB96DB009EF8C5 /* KTTabBarController.m */; };
		B232A27D1ACB96DB009EF8C5 /* KTTabBarItem.m in Sources */ = {isa = PBXBuildFile; fileRef = B232A2221ACB96DB009EF8C5 /* KTTabBarItem.m */; };
		B232A2B11ACB96F9009EF8C5 /* libAFNetworking.a in Frameworks */ = {isa = PBXBuildFile; fileRef = B232A2921ACB96F9009EF8C5 /* libAFNetworking.a */; };
		B232A2B21ACB96F9009EF8C5 /* MASCompositeConstraint.m in Sources */ = {isa = PBXBuildFile; fileRef = B232A2971ACB96F9009EF8C5 /* MASCompositeConstraint.m */; };
		B232A2B31ACB96F9009EF8C5 /* MASConstraint.m in Sources */ = {isa = PBXBuildFile; fileRef = B232A29A1ACB96F9009EF8C5 /* MASConstraint.m */; };
		B232A2B41ACB96F9009EF8C5 /* MASConstraintMaker.m in Sources */ = {isa = PBXBuildFile; fileRef = B232A29C1ACB96F9009EF8C5 /* MASConstraintMaker.m */; };
		B232A2B51ACB96F9009EF8C5 /* MASLayoutConstraint.m in Sources */ = {isa = PBXBuildFile; fileRef = B232A29E1ACB96F9009EF8C5 /* MASLayoutConstraint.m */; };
		B232A2B61ACB96F9009EF8C5 /* MASViewAttribute.m in Sources */ = {isa = PBXBuildFile; fileRef = B232A2A21ACB96F9009EF8C5 /* MASViewAttribute.m */; };
		B232A2B71ACB96F9009EF8C5 /* MASViewConstraint.m in Sources */ = {isa = PBXBuildFile; fileRef = B232A2A41ACB96F9009EF8C5 /* MASViewConstraint.m */; };
		B232A2B81ACB96F9009EF8C5 /* NSArray+MASAdditions.m in Sources */ = {isa = PBXBuildFile; fileRef = B232A2A61ACB96F9009EF8C5 /* NSArray+MASAdditions.m */; };
		B232A2B91ACB96F9009EF8C5 /* NSLayoutConstraint+MASDebugAdditions.m in Sources */ = {isa = PBXBuildFile; fileRef = B232A2A91ACB96F9009EF8C5 /* NSLayoutConstraint+MASDebugAdditions.m */; };
		B232A2BA1ACB96F9009EF8C5 /* View+MASAdditions.m in Sources */ = {isa = PBXBuildFile; fileRef = B232A2AB1ACB96F9009EF8C5 /* View+MASAdditions.m */; };
		B232A2BB1ACB96F9009EF8C5 /* OpenUDID.m in Sources */ = {isa = PBXBuildFile; fileRef = B232A2AF1ACB96F9009EF8C5 /* OpenUDID.m */; settings = {COMPILER_FLAGS = "-fno-objc-arc"; }; };
		B232A2BC1ACB96F9009EF8C5 /* README.md in Sources */ = {isa = PBXBuildFile; fileRef = B232A2B01ACB96F9009EF8C5 /* README.md */; };
		B232A3531ACBA68F009EF8C5 /* KTModelAccount.m in Sources */ = {isa = PBXBuildFile; fileRef = B232A2C01ACBA68E009EF8C5 /* KTModelAccount.m */; };
		B232A3541ACBA68F009EF8C5 /* KTModelGamequery.m in Sources */ = {isa = PBXBuildFile; fileRef = B232A2C21ACBA68E009EF8C5 /* KTModelGamequery.m */; };
		B232A3551ACBA68F009EF8C5 /* KTModelUser.m in Sources */ = {isa = PBXBuildFile; fileRef = B232A2C41ACBA68E009EF8C5 /* KTModelUser.m */; };
		B232A3561ACBA68F009EF8C5 /* KTModel.m in Sources */ = {isa = PBXBuildFile; fileRef = B232A2C71ACBA68E009EF8C5 /* KTModel.m */; };
		B232A3571ACBA68F009EF8C5 /* KTModelBaseInfo.m in Sources */ = {isa = PBXBuildFile; fileRef = B232A2C91ACBA68E009EF8C5 /* KTModelBaseInfo.m */; };
		B232A3581ACBA68F009EF8C5 /* KTModelGame.m in Sources */ = {isa = PBXBuildFile; fileRef = B232A2CB1ACBA68E009EF8C5 /* KTModelGame.m */; };
		B232A3591ACBA68F009EF8C5 /* KTModelImage.m in Sources */ = {isa = PBXBuildFile; fileRef = B232A2CD1ACBA68E009EF8C5 /* KTModelImage.m */; };
		B232A35A1ACBA68F009EF8C5 /* KTModelRedeemReward.m in Sources */ = {isa = PBXBuildFile; fileRef = B232A2D01ACBA68E009EF8C5 /* KTModelRedeemReward.m */; };
		B232A35B1ACBA68F009EF8C5 /* KTModelSuccess.m in Sources */ = {isa = PBXBuildFile; fileRef = B232A2D21ACBA68E009EF8C5 /* KTModelSuccess.m */; };
		B232A35C1ACBA68F009EF8C5 /* KTModelContactBookPeople.m in Sources */ = {isa = PBXBuildFile; fileRef = B232A2D51ACBA68E009EF8C5 /* KTModelContactBookPeople.m */; };
		B232A35D1ACBA68F009EF8C5 /* KTModelHomePage.m in Sources */ = {isa = PBXBuildFile; fileRef = B232A2D71ACBA68E009EF8C5 /* KTModelHomePage.m */; };
		B232A35E1ACBA68F009EF8C5 /* KTModelReply.m in Sources */ = {isa = PBXBuildFile; fileRef = B232A2D91ACBA68E009EF8C5 /* KTModelReply.m */; };
		B232A35F1ACBA68F009EF8C5 /* KTModelTopic.m in Sources */ = {isa = PBXBuildFile; fileRef = B232A2DB1ACBA68E009EF8C5 /* KTModelTopic.m */; };
		B232A3601ACBA68F009EF8C5 /* KTModelTopicActivity.m in Sources */ = {isa = PBXBuildFile; fileRef = B232A2DD1ACBA68E009EF8C5 /* KTModelTopicActivity.m */; };
		B232A3611ACBA68F009EF8C5 /* KTModelFriendship.m in Sources */ = {isa = PBXBuildFile; fileRef = B232A2E01ACBA68E009EF8C5 /* KTModelFriendship.m */; };
		B232A3621ACBA68F009EF8C5 /* KTModelFriendshipRequest.m in Sources */ = {isa = PBXBuildFile; fileRef = B232A2E21ACBA68E009EF8C5 /* KTModelFriendshipRequest.m */; };
		B232A3631ACBA68F009EF8C5 /* KTModelDeepLink.m in Sources */ = {isa = PBXBuildFile; fileRef = B232A2E51ACBA68E009EF8C5 /* KTModelDeepLink.m */; };
		B232A3641ACBA68F009EF8C5 /* KTModelNotice.m in Sources */ = {isa = PBXBuildFile; fileRef = B232A2E71ACBA68E009EF8C5 /* KTModelNotice.m */; };
		B232A3651ACBA68F009EF8C5 /* KTModelReward.m in Sources */ = {isa = PBXBuildFile; fileRef = B232A2E91ACBA68E009EF8C5 /* KTModelReward.m */; };
		B232A3661ACBA68F009EF8C5 /* KTModelLeaderboard.m in Sources */ = {isa = PBXBuildFile; fileRef = B232A2EC1ACBA68E009EF8C5 /* KTModelLeaderboard.m */; };
		B232A3671ACBA68F009EF8C5 /* KTAccountApi.m in Sources */ = {isa = PBXBuildFile; fileRef = B232A2F11ACBA68E009EF8C5 /* KTAccountApi.m */; };
		B232A3681ACBA68F009EF8C5 /* KTUserApi.m in Sources */ = {isa = PBXBuildFile; fileRef = B232A2F41ACBA68E009EF8C5 /* KTUserApi.m */; };
		B232A3691ACBA68F009EF8C5 /* KTBaseApi.m in Sources */ = {isa = PBXBuildFile; fileRef = B232A2F81ACBA68E009EF8C5 /* KTBaseApi.m */; };
		B232A36A1ACBA68F009EF8C5 /* KTApi.m in Sources */ = {isa = PBXBuildFile; fileRef = B232A2FC1ACBA68E009EF8C5 /* KTApi.m */; };
		B232A36B1ACBA68F009EF8C5 /* KTApiClient.m in Sources */ = {isa = PBXBuildFile; fileRef = B232A2FE1ACBA68E009EF8C5 /* KTApiClient.m */; };
		B232A36C1ACBA68F009EF8C5 /* KTApiResponse.m in Sources */ = {isa = PBXBuildFile; fileRef = B232A3001ACBA68E009EF8C5 /* KTApiResponse.m */; };
		B232A36D1ACBA68F009EF8C5 /* KTModeHelperIvar.m in Sources */ = {isa = PBXBuildFile; fileRef = B232A3041ACBA68E009EF8C5 /* KTModeHelperIvar.m */; };
		B232A36E1ACBA68F009EF8C5 /* KTModeHelperMethod.m in Sources */ = {isa = PBXBuildFile; fileRef = B232A3061ACBA68E009EF8C5 /* KTModeHelperMethod.m */; };
		B232A36F1ACBA68F009EF8C5 /* KTModelHelpArgument.m in Sources */ = {isa = PBXBuildFile; fileRef = B232A3081ACBA68E009EF8C5 /* KTModelHelpArgument.m */; };
		B232A3701ACBA68F009EF8C5 /* KTModelHelperFoundation.m in Sources */ = {isa = PBXBuildFile; fileRef = B232A30C1ACBA68E009EF8C5 /* KTModelHelperFoundation.m */; };
		B232A3711ACBA68F009EF8C5 /* KTModelHelperMember.m in Sources */ = {isa = PBXBuildFile; fileRef = B232A30E1ACBA68E009EF8C5 /* KTModelHelperMember.m */; };
		B232A3721ACBA68F009EF8C5 /* KTModelHelperType.m in Sources */ = {isa = PBXBuildFile; fileRef = B232A3101ACBA68E009EF8C5 /* KTModelHelperType.m */; };
		B232A3731ACBA68F009EF8C5 /* KTModelHelperTypeEncoding.m in Sources */ = {isa = PBXBuildFile; fileRef = B232A3121ACBA68E009EF8C5 /* KTModelHelperTypeEncoding.m */; };
		B232A3741ACBA68F009EF8C5 /* NSObject+KTModelHelperCoding.m in Sources */ = {isa = PBXBuildFile; fileRef = B232A3141ACBA68E009EF8C5 /* NSObject+KTModelHelperCoding.m */; };
		B232A3751ACBA68F009EF8C5 /* NSObject+KTModelHelperKeyValue.m in Sources */ = {isa = PBXBuildFile; fileRef = B232A3161ACBA68E009EF8C5 /* NSObject+KTModelHelperKeyValue.m */; };
		B232A3761ACBA68F009EF8C5 /* NSObject+KTModelHelperMember.m in Sources */ = {isa = PBXBuildFile; fileRef = B232A3181ACBA68E009EF8C5 /* NSObject+KTModelHelperMember.m */; };
		B232A3771ACBA68F009EF8C5 /* KTAlphaValidator.m in Sources */ = {isa = PBXBuildFile; fileRef = B232A31B1ACBA68E009EF8C5 /* KTAlphaValidator.m */; };
		B232A3781ACBA68F009EF8C5 /* KTEmailValidator.m in Sources */ = {isa = PBXBuildFile; fileRef = B232A31D1ACBA68E009EF8C5 /* KTEmailValidator.m */; };
		B232A3791ACBA68F009EF8C5 /* KTLengthValidator.m in Sources */ = {isa = PBXBuildFile; fileRef = B232A31F1ACBA68E009EF8C5 /* KTLengthValidator.m */; };
		B232A37A1ACBA68F009EF8C5 /* KTNumericValidator.m in Sources */ = {isa = PBXBuildFile; fileRef = B232A3211ACBA68E009EF8C5 /* KTNumericValidator.m */; };
		B232A37B1ACBA68F009EF8C5 /* KTRangeValidator.m in Sources */ = {isa = PBXBuildFile; fileRef = B232A3231ACBA68E009EF8C5 /* KTRangeValidator.m */; };
		B232A37C1ACBA68F009EF8C5 /* KTRegexValidator.m in Sources */ = {isa = PBXBuildFile; fileRef = B232A3251ACBA68E009EF8C5 /* KTRegexValidator.m */; };
		B232A37D1ACBA68F009EF8C5 /* KTRequiredValidator.m in Sources */ = {isa = PBXBuildFile; fileRef = B232A3271ACBA68E009EF8C5 /* KTRequiredValidator.m */; };
		B232A37E1ACBA68F009EF8C5 /* KTValidator.m in Sources */ = {isa = PBXBuildFile; fileRef = B232A3291ACBA68E009EF8C5 /* KTValidator.m */; };
		B232A37F1ACBA68F009EF8C5 /* KTCommunityApi.m in Sources */ = {isa = PBXBuildFile; fileRef = B232A32D1ACBA68E009EF8C5 /* KTCommunityApi.m */; };
		B232A3801ACBA68F009EF8C5 /* KTFriendApi.m in Sources */ = {isa = PBXBuildFile; fileRef = B232A3311ACBA68E009EF8C5 /* KTFriendApi.m */; };
		B232A3811ACBA68F009EF8C5 /* KTInboxApi.m in Sources */ = {isa = PBXBuildFile; fileRef = B232A3351ACBA68E009EF8C5 /* KTInboxApi.m */; };
		B232A3821ACBA68F009EF8C5 /* KTLeaderboardApi.m in Sources */ = {isa = PBXBuildFile; fileRef = B232A3391ACBA68E009EF8C5 /* KTLeaderboardApi.m */; };
		B232A3831ACBA68F009EF8C5 /* KTBaseViewController.m in Sources */ = {isa = PBXBuildFile; fileRef = B232A33D1ACBA68E009EF8C5 /* KTBaseViewController.m */; };
		B232A3841ACBA68F009EF8C5 /* KTNavigationController.m in Sources */ = {isa = PBXBuildFile; fileRef = B232A33F1ACBA68E009EF8C5 /* KTNavigationController.m */; };
		B232A3851ACBA68F009EF8C5 /* KTUIViewController+KTCustom.m in Sources */ = {isa = PBXBuildFile; fileRef = B232A3411ACBA68E009EF8C5 /* KTUIViewController+KTCustom.m */; };
		B232A3861ACBA68F009EF8C5 /* KTDiscussionTabBarController.m in Sources */ = {isa = PBXBuildFile; fileRef = B232A3451ACBA68E009EF8C5 /* KTDiscussionTabBarController.m */; };
		B232A3871ACBA68F009EF8C5 /* KTDiscussionViewController.m in Sources */ = {isa = PBXBuildFile; fileRef = B232A3471ACBA68E009EF8C5 /* KTDiscussionViewController.m */; };
		B232A3881ACBA68F009EF8C5 /* KTMainTabBarController.m in Sources */ = {isa = PBXBuildFile; fileRef = B232A3491ACBA68E009EF8C5 /* KTMainTabBarController.m */; };
		B232A3891ACBA68F009EF8C5 /* KTBaseView.m in Sources */ = {isa = PBXBuildFile; fileRef = B232A34C1ACBA68F009EF8C5 /* KTBaseView.m */; };
		B232A38A1ACBA68F009EF8C5 /* KTDiscussionTableViewCell.m in Sources */ = {isa = PBXBuildFile; fileRef = B232A3501ACBA68F009EF8C5 /* KTDiscussionTableViewCell.m */; };
		B232A38B1ACBA68F009EF8C5 /* KTDiscussionView.m in Sources */ = {isa = PBXBuildFile; fileRef = B232A3521ACBA68F009EF8C5 /* KTDiscussionView.m */; };
		B232A39C1ACBD033009EF8C5 /* KTImageUtils.m in Sources */ = {isa = PBXBuildFile; fileRef = B232A39B1ACBD033009EF8C5 /* KTImageUtils.m */; };
		B2F4A0DE1AC901D70022ACA5 /* KTAppFrame.h in CopyFiles */ = {isa = PBXBuildFile; fileRef = B2F4A0DD1AC901D70022ACA5 /* KTAppFrame.h */; };
		B2F4A0E01AC901D70022ACA5 /* KTAppFrame.m in Sources */ = {isa = PBXBuildFile; fileRef = B2F4A0DF1AC901D70022ACA5 /* KTAppFrame.m */; };
		B2F4A0E61AC901D70022ACA5 /* libKTAppFrame.a in Frameworks */ = {isa = PBXBuildFile; fileRef = B2F4A0DA1AC901D70022ACA5 /* libKTAppFrame.a */; };
/* End PBXBuildFile section */

/* Begin PBXContainerItemProxy section */
		B2F4A0E71AC901D70022ACA5 /* PBXContainerItemProxy */ = {
			isa = PBXContainerItemProxy;
			containerPortal = B2F4A0D21AC901D70022ACA5 /* Project object */;
			proxyType = 1;
			remoteGlobalIDString = B2F4A0D91AC901D70022ACA5;
			remoteInfo = KTAppFrame;
		};
/* End PBXContainerItemProxy section */

/* Begin PBXCopyFilesBuildPhase section */
		B2F4A0D81AC901D70022ACA5 /* CopyFiles */ = {
			isa = PBXCopyFilesBuildPhase;
			buildActionMask = 2147483647;
			dstPath = "include/$(PRODUCT_NAME)";
			dstSubfolderSpec = 16;
			files = (
				B2F4A0DE1AC901D70022ACA5 /* KTAppFrame.h in CopyFiles */,
			);
			runOnlyForDeploymentPostprocessing = 0;
		};
/* End PBXCopyFilesBuildPhase section */

/* Begin PBXFileReference section */
		16FA43986FDA3819A85A6DAB /* libPods-KTAppFrame.a */ = {isa = PBXFileReference; explicitFileType = archive.ar; includeInIndex = 0; path = "libPods-KTAppFrame.a"; sourceTree = BUILT_PRODUCTS_DIR; };
		B232A1681ACB96DB009EF8C5 /* KTCommonInfo.h */ = {isa = PBXFileReference; fileEncoding = 4; lastKnownFileType = sourcecode.c.h; path = KTCommonInfo.h; sourceTree = "<group>"; };
		B232A1691ACB96DB009EF8C5 /* KTCommonInfo.m */ = {isa = PBXFileReference; fileEncoding = 4; lastKnownFileType = sourcecode.c.objc; path = KTCommonInfo.m; sourceTree = "<group>"; };
		B232A21D1ACB96DB009EF8C5 /* KTTabBar.h */ = {isa = PBXFileReference; fileEncoding = 4; lastKnownFileType = sourcecode.c.h; path = KTTabBar.h; sourceTree = "<group>"; };
		B232A21E1ACB96DB009EF8C5 /* KTTabBar.m */ = {isa = PBXFileReference; fileEncoding = 4; lastKnownFileType = sourcecode.c.objc; path = KTTabBar.m; sourceTree = "<group>"; };
		B232A21F1ACB96DB009EF8C5 /* KTTabBarController.h */ = {isa = PBXFileReference; fileEncoding = 4; lastKnownFileType = sourcecode.c.h; path = KTTabBarController.h; sourceTree = "<group>"; };
		B232A2201ACB96DB009EF8C5 /* KTTabBarController.m */ = {isa = PBXFileReference; fileEncoding = 4; lastKnownFileType = sourcecode.c.objc; path = KTTabBarController.m; sourceTree = "<group>"; };
		B232A2211ACB96DB009EF8C5 /* KTTabBarItem.h */ = {isa = PBXFileReference; fileEncoding = 4; lastKnownFileType = sourcecode.c.h; path = KTTabBarItem.h; sourceTree = "<group>"; };
		B232A2221ACB96DB009EF8C5 /* KTTabBarItem.m */ = {isa = PBXFileReference; fileEncoding = 4; lastKnownFileType = sourcecode.c.objc; path = KTTabBarItem.m; sourceTree = "<group>"; };
		B232A2891ACB96F9009EF8C5 /* AFHTTPClient.h */ = {isa = PBXFileReference; fileEncoding = 4; lastKnownFileType = sourcecode.c.h; path = AFHTTPClient.h; sourceTree = "<group>"; };
		B232A28A1ACB96F9009EF8C5 /* AFHTTPRequestOperation.h */ = {isa = PBXFileReference; fileEncoding = 4; lastKnownFileType = sourcecode.c.h; path = AFHTTPRequestOperation.h; sourceTree = "<group>"; };
		B232A28B1ACB96F9009EF8C5 /* AFImageRequestOperation.h */ = {isa = PBXFileReference; fileEncoding = 4; lastKnownFileType = sourcecode.c.h; path = AFImageRequestOperation.h; sourceTree = "<group>"; };
		B232A28C1ACB96F9009EF8C5 /* AFJSONRequestOperation.h */ = {isa = PBXFileReference; fileEncoding = 4; lastKnownFileType = sourcecode.c.h; path = AFJSONRequestOperation.h; sourceTree = "<group>"; };
		B232A28D1ACB96F9009EF8C5 /* AFNetworkActivityIndicatorManager.h */ = {isa = PBXFileReference; fileEncoding = 4; lastKnownFileType = sourcecode.c.h; path = AFNetworkActivityIndicatorManager.h; sourceTree = "<group>"; };
		B232A28E1ACB96F9009EF8C5 /* AFNetworking.h */ = {isa = PBXFileReference; fileEncoding = 4; lastKnownFileType = sourcecode.c.h; path = AFNetworking.h; sourceTree = "<group>"; };
		B232A28F1ACB96F9009EF8C5 /* AFPropertyListRequestOperation.h */ = {isa = PBXFileReference; fileEncoding = 4; lastKnownFileType = sourcecode.c.h; path = AFPropertyListRequestOperation.h; sourceTree = "<group>"; };
		B232A2901ACB96F9009EF8C5 /* AFURLConnectionOperation.h */ = {isa = PBXFileReference; fileEncoding = 4; lastKnownFileType = sourcecode.c.h; path = AFURLConnectionOperation.h; sourceTree = "<group>"; };
		B232A2911ACB96F9009EF8C5 /* AFXMLRequestOperation.h */ = {isa = PBXFileReference; fileEncoding = 4; lastKnownFileType = sourcecode.c.h; path = AFXMLRequestOperation.h; sourceTree = "<group>"; };
		B232A2921ACB96F9009EF8C5 /* libAFNetworking.a */ = {isa = PBXFileReference; lastKnownFileType = archive.ar; path = libAFNetworking.a; sourceTree = "<group>"; };
		B232A2931ACB96F9009EF8C5 /* LICENSE */ = {isa = PBXFileReference; fileEncoding = 4; lastKnownFileType = text; path = LICENSE; sourceTree = "<group>"; };
		B232A2941ACB96F9009EF8C5 /* UIImageView+AFNetworking.h */ = {isa = PBXFileReference; fileEncoding = 4; lastKnownFileType = sourcecode.c.h; path = "UIImageView+AFNetworking.h"; sourceTree = "<group>"; };
		B232A2961ACB96F9009EF8C5 /* MASCompositeConstraint.h */ = {isa = PBXFileReference; fileEncoding = 4; lastKnownFileType = sourcecode.c.h; path = MASCompositeConstraint.h; sourceTree = "<group>"; };
		B232A2971ACB96F9009EF8C5 /* MASCompositeConstraint.m */ = {isa = PBXFileReference; fileEncoding = 4; lastKnownFileType = sourcecode.c.objc; path = MASCompositeConstraint.m; sourceTree = "<group>"; };
		B232A2981ACB96F9009EF8C5 /* MASConstraint+Private.h */ = {isa = PBXFileReference; fileEncoding = 4; lastKnownFileType = sourcecode.c.h; path = "MASConstraint+Private.h"; sourceTree = "<group>"; };
		B232A2991ACB96F9009EF8C5 /* MASConstraint.h */ = {isa = PBXFileReference; fileEncoding = 4; lastKnownFileType = sourcecode.c.h; path = MASConstraint.h; sourceTree = "<group>"; };
		B232A29A1ACB96F9009EF8C5 /* MASConstraint.m */ = {isa = PBXFileReference; fileEncoding = 4; lastKnownFileType = sourcecode.c.objc; path = MASConstraint.m; sourceTree = "<group>"; };
		B232A29B1ACB96F9009EF8C5 /* MASConstraintMaker.h */ = {isa = PBXFileReference; fileEncoding = 4; lastKnownFileType = sourcecode.c.h; path = MASConstraintMaker.h; sourceTree = "<group>"; };
		B232A29C1ACB96F9009EF8C5 /* MASConstraintMaker.m */ = {isa = PBXFileReference; fileEncoding = 4; lastKnownFileType = sourcecode.c.objc; path = MASConstraintMaker.m; sourceTree = "<group>"; };
		B232A29D1ACB96F9009EF8C5 /* MASLayoutConstraint.h */ = {isa = PBXFileReference; fileEncoding = 4; lastKnownFileType = sourcecode.c.h; path = MASLayoutConstraint.h; sourceTree = "<group>"; };
		B232A29E1ACB96F9009EF8C5 /* MASLayoutConstraint.m */ = {isa = PBXFileReference; fileEncoding = 4; lastKnownFileType = sourcecode.c.objc; path = MASLayoutConstraint.m; sourceTree = "<group>"; };
		B232A29F1ACB96F9009EF8C5 /* Masonry.h */ = {isa = PBXFileReference; fileEncoding = 4; lastKnownFileType = sourcecode.c.h; path = Masonry.h; sourceTree = "<group>"; };
		B232A2A01ACB96F9009EF8C5 /* MASUtilities.h */ = {isa = PBXFileReference; fileEncoding = 4; lastKnownFileType = sourcecode.c.h; path = MASUtilities.h; sourceTree = "<group>"; };
		B232A2A11ACB96F9009EF8C5 /* MASViewAttribute.h */ = {isa = PBXFileReference; fileEncoding = 4; lastKnownFileType = sourcecode.c.h; path = MASViewAttribute.h; sourceTree = "<group>"; };
		B232A2A21ACB96F9009EF8C5 /* MASViewAttribute.m */ = {isa = PBXFileReference; fileEncoding = 4; lastKnownFileType = sourcecode.c.objc; path = MASViewAttribute.m; sourceTree = "<group>"; };
		B232A2A31ACB96F9009EF8C5 /* MASViewConstraint.h */ = {isa = PBXFileReference; fileEncoding = 4; lastKnownFileType = sourcecode.c.h; path = MASViewConstraint.h; sourceTree = "<group>"; };
		B232A2A41ACB96F9009EF8C5 /* MASViewConstraint.m */ = {isa = PBXFileReference; fileEncoding = 4; lastKnownFileType = sourcecode.c.objc; path = MASViewConstraint.m; sourceTree = "<group>"; };
		B232A2A51ACB96F9009EF8C5 /* NSArray+MASAdditions.h */ = {isa = PBXFileReference; fileEncoding = 4; lastKnownFileType = sourcecode.c.h; path = "NSArray+MASAdditions.h"; sourceTree = "<group>"; };
		B232A2A61ACB96F9009EF8C5 /* NSArray+MASAdditions.m */ = {isa = PBXFileReference; fileEncoding = 4; lastKnownFileType = sourcecode.c.objc; path = "NSArray+MASAdditions.m"; sourceTree = "<group>"; };
		B232A2A71ACB96F9009EF8C5 /* NSArray+MASShorthandAdditions.h */ = {isa = PBXFileReference; fileEncoding = 4; lastKnownFileType = sourcecode.c.h; path = "NSArray+MASShorthandAdditions.h"; sourceTree = "<group>"; };
		B232A2A81ACB96F9009EF8C5 /* NSLayoutConstraint+MASDebugAdditions.h */ = {isa = PBXFileReference; fileEncoding = 4; lastKnownFileType = sourcecode.c.h; path = "NSLayoutConstraint+MASDebugAdditions.h"; sourceTree = "<group>"; };
		B232A2A91ACB96F9009EF8C5 /* NSLayoutConstraint+MASDebugAdditions.m */ = {isa = PBXFileReference; fileEncoding = 4; lastKnownFileType = sourcecode.c.objc; path = "NSLayoutConstraint+MASDebugAdditions.m"; sourceTree = "<group>"; };
		B232A2AA1ACB96F9009EF8C5 /* View+MASAdditions.h */ = {isa = PBXFileReference; fileEncoding = 4; lastKnownFileType = sourcecode.c.h; path = "View+MASAdditions.h"; sourceTree = "<group>"; };
		B232A2AB1ACB96F9009EF8C5 /* View+MASAdditions.m */ = {isa = PBXFileReference; fileEncoding = 4; lastKnownFileType = sourcecode.c.objc; path = "View+MASAdditions.m"; sourceTree = "<group>"; };
		B232A2AC1ACB96F9009EF8C5 /* View+MASShorthandAdditions.h */ = {isa = PBXFileReference; fileEncoding = 4; lastKnownFileType = sourcecode.c.h; path = "View+MASShorthandAdditions.h"; sourceTree = "<group>"; };
		B232A2AE1ACB96F9009EF8C5 /* OpenUDID.h */ = {isa = PBXFileReference; fileEncoding = 4; lastKnownFileType = sourcecode.c.h; path = OpenUDID.h; sourceTree = "<group>"; };
		B232A2AF1ACB96F9009EF8C5 /* OpenUDID.m */ = {isa = PBXFileReference; fileEncoding = 4; lastKnownFileType = sourcecode.c.objc; path = OpenUDID.m; sourceTree = "<group>"; };
		B232A2B01ACB96F9009EF8C5 /* README.md */ = {isa = PBXFileReference; fileEncoding = 4; lastKnownFileType = net.daringfireball.markdown; path = README.md; sourceTree = "<group>"; };
		B232A2BF1ACBA68E009EF8C5 /* KTModelAccount.h */ = {isa = PBXFileReference; fileEncoding = 4; lastKnownFileType = sourcecode.c.h; path = KTModelAccount.h; sourceTree = "<group>"; };
		B232A2C01ACBA68E009EF8C5 /* KTModelAccount.m */ = {isa = PBXFileReference; fileEncoding = 4; lastKnownFileType = sourcecode.c.objc; path = KTModelAccount.m; sourceTree = "<group>"; };
		B232A2C11ACBA68E009EF8C5 /* KTModelGamequery.h */ = {isa = PBXFileReference; fileEncoding = 4; lastKnownFileType = sourcecode.c.h; path = KTModelGamequery.h; sourceTree = "<group>"; };
		B232A2C21ACBA68E009EF8C5 /* KTModelGamequery.m */ = {isa = PBXFileReference; fileEncoding = 4; lastKnownFileType = sourcecode.c.objc; path = KTModelGamequery.m; sourceTree = "<group>"; };
		B232A2C31ACBA68E009EF8C5 /* KTModelUser.h */ = {isa = PBXFileReference; fileEncoding = 4; lastKnownFileType = sourcecode.c.h; path = KTModelUser.h; sourceTree = "<group>"; };
		B232A2C41ACBA68E009EF8C5 /* KTModelUser.m */ = {isa = PBXFileReference; fileEncoding = 4; lastKnownFileType = sourcecode.c.objc; path = KTModelUser.m; sourceTree = "<group>"; };
		B232A2C61ACBA68E009EF8C5 /* KTModel.h */ = {isa = PBXFileReference; fileEncoding = 4; lastKnownFileType = sourcecode.c.h; path = KTModel.h; sourceTree = "<group>"; };
		B232A2C71ACBA68E009EF8C5 /* KTModel.m */ = {isa = PBXFileReference; fileEncoding = 4; lastKnownFileType = sourcecode.c.objc; path = KTModel.m; sourceTree = "<group>"; };
		B232A2C81ACBA68E009EF8C5 /* KTModelBaseInfo.h */ = {isa = PBXFileReference; fileEncoding = 4; lastKnownFileType = sourcecode.c.h; path = KTModelBaseInfo.h; sourceTree = "<group>"; };
		B232A2C91ACBA68E009EF8C5 /* KTModelBaseInfo.m */ = {isa = PBXFileReference; fileEncoding = 4; lastKnownFileType = sourcecode.c.objc; path = KTModelBaseInfo.m; sourceTree = "<group>"; };
		B232A2CA1ACBA68E009EF8C5 /* KTModelGame.h */ = {isa = PBXFileReference; fileEncoding = 4; lastKnownFileType = sourcecode.c.h; path = KTModelGame.h; sourceTree = "<group>"; };
		B232A2CB1ACBA68E009EF8C5 /* KTModelGame.m */ = {isa = PBXFileReference; fileEncoding = 4; lastKnownFileType = sourcecode.c.objc; path = KTModelGame.m; sourceTree = "<group>"; };
		B232A2CC1ACBA68E009EF8C5 /* KTModelImage.h */ = {isa = PBXFileReference; fileEncoding = 4; lastKnownFileType = sourcecode.c.h; path = KTModelImage.h; sourceTree = "<group>"; };
		B232A2CD1ACBA68E009EF8C5 /* KTModelImage.m */ = {isa = PBXFileReference; fileEncoding = 4; lastKnownFileType = sourcecode.c.objc; path = KTModelImage.m; sourceTree = "<group>"; };
		B232A2CE1ACBA68E009EF8C5 /* KTModelMappingDefines.h */ = {isa = PBXFileReference; fileEncoding = 4; lastKnownFileType = sourcecode.c.h; path = KTModelMappingDefines.h; sourceTree = "<group>"; };
		B232A2CF1ACBA68E009EF8C5 /* KTModelRedeemReward.h */ = {isa = PBXFileReference; fileEncoding = 4; lastKnownFileType = sourcecode.c.h; path = KTModelRedeemReward.h; sourceTree = "<group>"; };
		B232A2D01ACBA68E009EF8C5 /* KTModelRedeemReward.m */ = {isa = PBXFileReference; fileEncoding = 4; lastKnownFileType = sourcecode.c.objc; path = KTModelRedeemReward.m; sourceTree = "<group>"; };
		B232A2D11ACBA68E009EF8C5 /* KTModelSuccess.h */ = {isa = PBXFileReference; fileEncoding = 4; lastKnownFileType = sourcecode.c.h; path = KTModelSuccess.h; sourceTree = "<group>"; };
		B232A2D21ACBA68E009EF8C5 /* KTModelSuccess.m */ = {isa = PBXFileReference; fileEncoding = 4; lastKnownFileType = sourcecode.c.objc; path = KTModelSuccess.m; sourceTree = "<group>"; };
		B232A2D41ACBA68E009EF8C5 /* KTModelContactBookPeople.h */ = {isa = PBXFileReference; fileEncoding = 4; lastKnownFileType = sourcecode.c.h; path = KTModelContactBookPeople.h; sourceTree = "<group>"; };
		B232A2D51ACBA68E009EF8C5 /* KTModelContactBookPeople.m */ = {isa = PBXFileReference; fileEncoding = 4; lastKnownFileType = sourcecode.c.objc; path = KTModelContactBookPeople.m; sourceTree = "<group>"; };
		B232A2D61ACBA68E009EF8C5 /* KTModelHomePage.h */ = {isa = PBXFileReference; fileEncoding = 4; lastKnownFileType = sourcecode.c.h; path = KTModelHomePage.h; sourceTree = "<group>"; };
		B232A2D71ACBA68E009EF8C5 /* KTModelHomePage.m */ = {isa = PBXFileReference; fileEncoding = 4; lastKnownFileType = sourcecode.c.objc; path = KTModelHomePage.m; sourceTree = "<group>"; };
		B232A2D81ACBA68E009EF8C5 /* KTModelReply.h */ = {isa = PBXFileReference; fileEncoding = 4; lastKnownFileType = sourcecode.c.h; path = KTModelReply.h; sourceTree = "<group>"; };
		B232A2D91ACBA68E009EF8C5 /* KTModelReply.m */ = {isa = PBXFileReference; fileEncoding = 4; lastKnownFileType = sourcecode.c.objc; path = KTModelReply.m; sourceTree = "<group>"; };
		B232A2DA1ACBA68E009EF8C5 /* KTModelTopic.h */ = {isa = PBXFileReference; fileEncoding = 4; lastKnownFileType = sourcecode.c.h; path = KTModelTopic.h; sourceTree = "<group>"; };
		B232A2DB1ACBA68E009EF8C5 /* KTModelTopic.m */ = {isa = PBXFileReference; fileEncoding = 4; lastKnownFileType = sourcecode.c.objc; path = KTModelTopic.m; sourceTree = "<group>"; };
		B232A2DC1ACBA68E009EF8C5 /* KTModelTopicActivity.h */ = {isa = PBXFileReference; fileEncoding = 4; lastKnownFileType = sourcecode.c.h; path = KTModelTopicActivity.h; sourceTree = "<group>"; };
		B232A2DD1ACBA68E009EF8C5 /* KTModelTopicActivity.m */ = {isa = PBXFileReference; fileEncoding = 4; lastKnownFileType = sourcecode.c.objc; path = KTModelTopicActivity.m; sourceTree = "<group>"; };
		B232A2DF1ACBA68E009EF8C5 /* KTModelFriendship.h */ = {isa = PBXFileReference; fileEncoding = 4; lastKnownFileType = sourcecode.c.h; path = KTModelFriendship.h; sourceTree = "<group>"; };
		B232A2E01ACBA68E009EF8C5 /* KTModelFriendship.m */ = {isa = PBXFileReference; fileEncoding = 4; lastKnownFileType = sourcecode.c.objc; path = KTModelFriendship.m; sourceTree = "<group>"; };
		B232A2E11ACBA68E009EF8C5 /* KTModelFriendshipRequest.h */ = {isa = PBXFileReference; fileEncoding = 4; lastKnownFileType = sourcecode.c.h; path = KTModelFriendshipRequest.h; sourceTree = "<group>"; };
		B232A2E21ACBA68E009EF8C5 /* KTModelFriendshipRequest.m */ = {isa = PBXFileReference; fileEncoding = 4; lastKnownFileType = sourcecode.c.objc; path = KTModelFriendshipRequest.m; sourceTree = "<group>"; };
		B232A2E41ACBA68E009EF8C5 /* KTModelDeepLink.h */ = {isa = PBXFileReference; fileEncoding = 4; lastKnownFileType = sourcecode.c.h; path = KTModelDeepLink.h; sourceTree = "<group>"; };
		B232A2E51ACBA68E009EF8C5 /* KTModelDeepLink.m */ = {isa = PBXFileReference; fileEncoding = 4; lastKnownFileType = sourcecode.c.objc; path = KTModelDeepLink.m; sourceTree = "<group>"; };
		B232A2E61ACBA68E009EF8C5 /* KTModelNotice.h */ = {isa = PBXFileReference; fileEncoding = 4; lastKnownFileType = sourcecode.c.h; path = KTModelNotice.h; sourceTree = "<group>"; };
		B232A2E71ACBA68E009EF8C5 /* KTModelNotice.m */ = {isa = PBXFileReference; fileEncoding = 4; lastKnownFileType = sourcecode.c.objc; path = KTModelNotice.m; sourceTree = "<group>"; };
		B232A2E81ACBA68E009EF8C5 /* KTModelReward.h */ = {isa = PBXFileReference; fileEncoding = 4; lastKnownFileType = sourcecode.c.h; path = KTModelReward.h; sourceTree = "<group>"; };
		B232A2E91ACBA68E009EF8C5 /* KTModelReward.m */ = {isa = PBXFileReference; fileEncoding = 4; lastKnownFileType = sourcecode.c.objc; path = KTModelReward.m; sourceTree = "<group>"; };
		B232A2EB1ACBA68E009EF8C5 /* KTModelLeaderboard.h */ = {isa = PBXFileReference; fileEncoding = 4; lastKnownFileType = sourcecode.c.h; path = KTModelLeaderboard.h; sourceTree = "<group>"; };
		B232A2EC1ACBA68E009EF8C5 /* KTModelLeaderboard.m */ = {isa = PBXFileReference; fileEncoding = 4; lastKnownFileType = sourcecode.c.objc; path = KTModelLeaderboard.m; sourceTree = "<group>"; };
		B232A2F01ACBA68E009EF8C5 /* KTAccountApi.h */ = {isa = PBXFileReference; fileEncoding = 4; lastKnownFileType = sourcecode.c.h; path = KTAccountApi.h; sourceTree = "<group>"; };
		B232A2F11ACBA68E009EF8C5 /* KTAccountApi.m */ = {isa = PBXFileReference; fileEncoding = 4; lastKnownFileType = sourcecode.c.objc; path = KTAccountApi.m; sourceTree = "<group>"; };
		B232A2F21ACBA68E009EF8C5 /* KTAccountApiDefines.h */ = {isa = PBXFileReference; fileEncoding = 4; lastKnownFileType = sourcecode.c.h; path = KTAccountApiDefines.h; sourceTree = "<group>"; };
		B232A2F31ACBA68E009EF8C5 /* KTUserApi.h */ = {isa = PBXFileReference; fileEncoding = 4; lastKnownFileType = sourcecode.c.h; path = KTUserApi.h; sourceTree = "<group>"; };
		B232A2F41ACBA68E009EF8C5 /* KTUserApi.m */ = {isa = PBXFileReference; fileEncoding = 4; lastKnownFileType = sourcecode.c.objc; path = KTUserApi.m; sourceTree = "<group>"; };
		B232A2F51ACBA68E009EF8C5 /* KTUserApiDefines.h */ = {isa = PBXFileReference; fileEncoding = 4; lastKnownFileType = sourcecode.c.h; path = KTUserApiDefines.h; sourceTree = "<group>"; };
		B232A2F71ACBA68E009EF8C5 /* KTBaseApi.h */ = {isa = PBXFileReference; fileEncoding = 4; lastKnownFileType = sourcecode.c.h; path = KTBaseApi.h; sourceTree = "<group>"; };
		B232A2F81ACBA68E009EF8C5 /* KTBaseApi.m */ = {isa = PBXFileReference; fileEncoding = 4; lastKnownFileType = sourcecode.c.objc; path = KTBaseApi.m; sourceTree = "<group>"; };
		B232A2F91ACBA68E009EF8C5 /* KTCommonApiDefines.h */ = {isa = PBXFileReference; fileEncoding = 4; lastKnownFileType = sourcecode.c.h; path = KTCommonApiDefines.h; sourceTree = "<group>"; };
		B232A2FB1ACBA68E009EF8C5 /* KTApi.h */ = {isa = PBXFileReference; fileEncoding = 4; lastKnownFileType = sourcecode.c.h; path = KTApi.h; sourceTree = "<group>"; };
		B232A2FC1ACBA68E009EF8C5 /* KTApi.m */ = {isa = PBXFileReference; fileEncoding = 4; lastKnownFileType = sourcecode.c.objc; path = KTApi.m; sourceTree = "<group>"; };
		B232A2FD1ACBA68E009EF8C5 /* KTApiClient.h */ = {isa = PBXFileReference; fileEncoding = 4; lastKnownFileType = sourcecode.c.h; path = KTApiClient.h; sourceTree = "<group>"; };
		B232A2FE1ACBA68E009EF8C5 /* KTApiClient.m */ = {isa = PBXFileReference; fileEncoding = 4; lastKnownFileType = sourcecode.c.objc; path = KTApiClient.m; sourceTree = "<group>"; };
		B232A2FF1ACBA68E009EF8C5 /* KTApiResponse.h */ = {isa = PBXFileReference; fileEncoding = 4; lastKnownFileType = sourcecode.c.h; path = KTApiResponse.h; sourceTree = "<group>"; };
		B232A3001ACBA68E009EF8C5 /* KTApiResponse.m */ = {isa = PBXFileReference; fileEncoding = 4; lastKnownFileType = sourcecode.c.objc; path = KTApiResponse.m; sourceTree = "<group>"; };
		B232A3011ACBA68E009EF8C5 /* KTplayBusiness.h */ = {isa = PBXFileReference; fileEncoding = 4; lastKnownFileType = sourcecode.c.h; path = KTplayBusiness.h; sourceTree = "<group>"; };
		B232A3031ACBA68E009EF8C5 /* KTModeHelperIvar.h */ = {isa = PBXFileReference; fileEncoding = 4; lastKnownFileType = sourcecode.c.h; path = KTModeHelperIvar.h; sourceTree = "<group>"; };
		B232A3041ACBA68E009EF8C5 /* KTModeHelperIvar.m */ = {isa = PBXFileReference; fileEncoding = 4; lastKnownFileType = sourcecode.c.objc; path = KTModeHelperIvar.m; sourceTree = "<group>"; };
		B232A3051ACBA68E009EF8C5 /* KTModeHelperMethod.h */ = {isa = PBXFileReference; fileEncoding = 4; lastKnownFileType = sourcecode.c.h; path = KTModeHelperMethod.h; sourceTree = "<group>"; };
		B232A3061ACBA68E009EF8C5 /* KTModeHelperMethod.m */ = {isa = PBXFileReference; fileEncoding = 4; lastKnownFileType = sourcecode.c.objc; path = KTModeHelperMethod.m; sourceTree = "<group>"; };
		B232A3071ACBA68E009EF8C5 /* KTModelHelpArgument.h */ = {isa = PBXFileReference; fileEncoding = 4; lastKnownFileType = sourcecode.c.h; path = KTModelHelpArgument.h; sourceTree = "<group>"; };
		B232A3081ACBA68E009EF8C5 /* KTModelHelpArgument.m */ = {isa = PBXFileReference; fileEncoding = 4; lastKnownFileType = sourcecode.c.objc; path = KTModelHelpArgument.m; sourceTree = "<group>"; };
		B232A3091ACBA68E009EF8C5 /* KTModelHelperConst.h */ = {isa = PBXFileReference; fileEncoding = 4; lastKnownFileType = sourcecode.c.h; path = KTModelHelperConst.h; sourceTree = "<group>"; };
		B232A30A1ACBA68E009EF8C5 /* KTModelHelperExtension.h */ = {isa = PBXFileReference; fileEncoding = 4; lastKnownFileType = sourcecode.c.h; path = KTModelHelperExtension.h; sourceTree = "<group>"; };
		B232A30B1ACBA68E009EF8C5 /* KTModelHelperFoundation.h */ = {isa = PBXFileReference; fileEncoding = 4; lastKnownFileType = sourcecode.c.h; path = KTModelHelperFoundation.h; sourceTree = "<group>"; };
		B232A30C1ACBA68E009EF8C5 /* KTModelHelperFoundation.m */ = {isa = PBXFileReference; fileEncoding = 4; lastKnownFileType = sourcecode.c.objc; path = KTModelHelperFoundation.m; sourceTree = "<group>"; };
		B232A30D1ACBA68E009EF8C5 /* KTModelHelperMember.h */ = {isa = PBXFileReference; fileEncoding = 4; lastKnownFileType = sourcecode.c.h; path = KTModelHelperMember.h; sourceTree = "<group>"; };
		B232A30E1ACBA68E009EF8C5 /* KTModelHelperMember.m */ = {isa = PBXFileReference; fileEncoding = 4; lastKnownFileType = sourcecode.c.objc; path = KTModelHelperMember.m; sourceTree = "<group>"; };
		B232A30F1ACBA68E009EF8C5 /* KTModelHelperType.h */ = {isa = PBXFileReference; fileEncoding = 4; lastKnownFileType = sourcecode.c.h; path = KTModelHelperType.h; sourceTree = "<group>"; };
		B232A3101ACBA68E009EF8C5 /* KTModelHelperType.m */ = {isa = PBXFileReference; fileEncoding = 4; lastKnownFileType = sourcecode.c.objc; path = KTModelHelperType.m; sourceTree = "<group>"; };
		B232A3111ACBA68E009EF8C5 /* KTModelHelperTypeEncoding.h */ = {isa = PBXFileReference; fileEncoding = 4; lastKnownFileType = sourcecode.c.h; path = KTModelHelperTypeEncoding.h; sourceTree = "<group>"; };
		B232A3121ACBA68E009EF8C5 /* KTModelHelperTypeEncoding.m */ = {isa = PBXFileReference; fileEncoding = 4; lastKnownFileType = sourcecode.c.objc; path = KTModelHelperTypeEncoding.m; sourceTree = "<group>"; };
		B232A3131ACBA68E009EF8C5 /* NSObject+KTModelHelperCoding.h */ = {isa = PBXFileReference; fileEncoding = 4; lastKnownFileType = sourcecode.c.h; path = "NSObject+KTModelHelperCoding.h"; sourceTree = "<group>"; };
		B232A3141ACBA68E009EF8C5 /* NSObject+KTModelHelperCoding.m */ = {isa = PBXFileReference; fileEncoding = 4; lastKnownFileType = sourcecode.c.objc; path = "NSObject+KTModelHelperCoding.m"; sourceTree = "<group>"; };
		B232A3151ACBA68E009EF8C5 /* NSObject+KTModelHelperKeyValue.h */ = {isa = PBXFileReference; fileEncoding = 4; lastKnownFileType = sourcecode.c.h; path = "NSObject+KTModelHelperKeyValue.h"; sourceTree = "<group>"; };
		B232A3161ACBA68E009EF8C5 /* NSObject+KTModelHelperKeyValue.m */ = {isa = PBXFileReference; fileEncoding = 4; lastKnownFileType = sourcecode.c.objc; path = "NSObject+KTModelHelperKeyValue.m"; sourceTree = "<group>"; };
		B232A3171ACBA68E009EF8C5 /* NSObject+KTModelHelperMember.h */ = {isa = PBXFileReference; fileEncoding = 4; lastKnownFileType = sourcecode.c.h; path = "NSObject+KTModelHelperMember.h"; sourceTree = "<group>"; };
		B232A3181ACBA68E009EF8C5 /* NSObject+KTModelHelperMember.m */ = {isa = PBXFileReference; fileEncoding = 4; lastKnownFileType = sourcecode.c.objc; path = "NSObject+KTModelHelperMember.m"; sourceTree = "<group>"; };
		B232A31A1ACBA68E009EF8C5 /* KTAlphaValidator.h */ = {isa = PBXFileReference; fileEncoding = 4; lastKnownFileType = sourcecode.c.h; path = KTAlphaValidator.h; sourceTree = "<group>"; };
		B232A31B1ACBA68E009EF8C5 /* KTAlphaValidator.m */ = {isa = PBXFileReference; fileEncoding = 4; lastKnownFileType = sourcecode.c.objc; path = KTAlphaValidator.m; sourceTree = "<group>"; };
		B232A31C1ACBA68E009EF8C5 /* KTEmailValidator.h */ = {isa = PBXFileReference; fileEncoding = 4; lastKnownFileType = sourcecode.c.h; path = KTEmailValidator.h; sourceTree = "<group>"; };
		B232A31D1ACBA68E009EF8C5 /* KTEmailValidator.m */ = {isa = PBXFileReference; fileEncoding = 4; lastKnownFileType = sourcecode.c.objc; path = KTEmailValidator.m; sourceTree = "<group>"; };
		B232A31E1ACBA68E009EF8C5 /* KTLengthValidator.h */ = {isa = PBXFileReference; fileEncoding = 4; lastKnownFileType = sourcecode.c.h; path = KTLengthValidator.h; sourceTree = "<group>"; };
		B232A31F1ACBA68E009EF8C5 /* KTLengthValidator.m */ = {isa = PBXFileReference; fileEncoding = 4; lastKnownFileType = sourcecode.c.objc; path = KTLengthValidator.m; sourceTree = "<group>"; };
		B232A3201ACBA68E009EF8C5 /* KTNumericValidator.h */ = {isa = PBXFileReference; fileEncoding = 4; lastKnownFileType = sourcecode.c.h; path = KTNumericValidator.h; sourceTree = "<group>"; };
		B232A3211ACBA68E009EF8C5 /* KTNumericValidator.m */ = {isa = PBXFileReference; fileEncoding = 4; lastKnownFileType = sourcecode.c.objc; path = KTNumericValidator.m; sourceTree = "<group>"; };
		B232A3221ACBA68E009EF8C5 /* KTRangeValidator.h */ = {isa = PBXFileReference; fileEncoding = 4; lastKnownFileType = sourcecode.c.h; path = KTRangeValidator.h; sourceTree = "<group>"; };
		B232A3231ACBA68E009EF8C5 /* KTRangeValidator.m */ = {isa = PBXFileReference; fileEncoding = 4; lastKnownFileType = sourcecode.c.objc; path = KTRangeValidator.m; sourceTree = "<group>"; };
		B232A3241ACBA68E009EF8C5 /* KTRegexValidator.h */ = {isa = PBXFileReference; fileEncoding = 4; lastKnownFileType = sourcecode.c.h; path = KTRegexValidator.h; sourceTree = "<group>"; };
		B232A3251ACBA68E009EF8C5 /* KTRegexValidator.m */ = {isa = PBXFileReference; fileEncoding = 4; lastKnownFileType = sourcecode.c.objc; path = KTRegexValidator.m; sourceTree = "<group>"; };
		B232A3261ACBA68E009EF8C5 /* KTRequiredValidator.h */ = {isa = PBXFileReference; fileEncoding = 4; lastKnownFileType = sourcecode.c.h; path = KTRequiredValidator.h; sourceTree = "<group>"; };
		B232A3271ACBA68E009EF8C5 /* KTRequiredValidator.m */ = {isa = PBXFileReference; fileEncoding = 4; lastKnownFileType = sourcecode.c.objc; path = KTRequiredValidator.m; sourceTree = "<group>"; };
		B232A3281ACBA68E009EF8C5 /* KTValidator.h */ = {isa = PBXFileReference; fileEncoding = 4; lastKnownFileType = sourcecode.c.h; path = KTValidator.h; sourceTree = "<group>"; };
		B232A3291ACBA68E009EF8C5 /* KTValidator.m */ = {isa = PBXFileReference; fileEncoding = 4; lastKnownFileType = sourcecode.c.objc; path = KTValidator.m; sourceTree = "<group>"; };
		B232A32A1ACBA68E009EF8C5 /* KTValidators.h */ = {isa = PBXFileReference; fileEncoding = 4; lastKnownFileType = sourcecode.c.h; path = KTValidators.h; sourceTree = "<group>"; };
		B232A32C1ACBA68E009EF8C5 /* KTCommunityApi.h */ = {isa = PBXFileReference; fileEncoding = 4; lastKnownFileType = sourcecode.c.h; path = KTCommunityApi.h; sourceTree = "<group>"; };
		B232A32D1ACBA68E009EF8C5 /* KTCommunityApi.m */ = {isa = PBXFileReference; fileEncoding = 4; lastKnownFileType = sourcecode.c.objc; path = KTCommunityApi.m; sourceTree = "<group>"; };
		B232A32E1ACBA68E009EF8C5 /* KTCommunityApiDefines.h */ = {isa = PBXFileReference; fileEncoding = 4; lastKnownFileType = sourcecode.c.h; path = KTCommunityApiDefines.h; sourceTree = "<group>"; };
		B232A3301ACBA68E009EF8C5 /* KTFriendApi.h */ = {isa = PBXFileReference; fileEncoding = 4; lastKnownFileType = sourcecode.c.h; path = KTFriendApi.h; sourceTree = "<group>"; };
		B232A3311ACBA68E009EF8C5 /* KTFriendApi.m */ = {isa = PBXFileReference; fileEncoding = 4; lastKnownFileType = sourcecode.c.objc; path = KTFriendApi.m; sourceTree = "<group>"; };
		B232A3321ACBA68E009EF8C5 /* KTFriendApiDefines.h */ = {isa = PBXFileReference; fileEncoding = 4; lastKnownFileType = sourcecode.c.h; path = KTFriendApiDefines.h; sourceTree = "<group>"; };
		B232A3341ACBA68E009EF8C5 /* KTInboxApi.h */ = {isa = PBXFileReference; fileEncoding = 4; lastKnownFileType = sourcecode.c.h; path = KTInboxApi.h; sourceTree = "<group>"; };
		B232A3351ACBA68E009EF8C5 /* KTInboxApi.m */ = {isa = PBXFileReference; fileEncoding = 4; lastKnownFileType = sourcecode.c.objc; path = KTInboxApi.m; sourceTree = "<group>"; };
		B232A3361ACBA68E009EF8C5 /* KTInboxApiDefines.h */ = {isa = PBXFileReference; fileEncoding = 4; lastKnownFileType = sourcecode.c.h; path = KTInboxApiDefines.h; sourceTree = "<group>"; };
		B232A3381ACBA68E009EF8C5 /* KTLeaderboardApi.h */ = {isa = PBXFileReference; fileEncoding = 4; lastKnownFileType = sourcecode.c.h; path = KTLeaderboardApi.h; sourceTree = "<group>"; };
		B232A3391ACBA68E009EF8C5 /* KTLeaderboardApi.m */ = {isa = PBXFileReference; fileEncoding = 4; lastKnownFileType = sourcecode.c.objc; path = KTLeaderboardApi.m; sourceTree = "<group>"; };
		B232A33A1ACBA68E009EF8C5 /* KTLeaderboardApiDefines.h */ = {isa = PBXFileReference; fileEncoding = 4; lastKnownFileType = sourcecode.c.h; path = KTLeaderboardApiDefines.h; sourceTree = "<group>"; };
		B232A33C1ACBA68E009EF8C5 /* KTBaseViewController.h */ = {isa = PBXFileReference; fileEncoding = 4; lastKnownFileType = sourcecode.c.h; path = KTBaseViewController.h; sourceTree = "<group>"; };
		B232A33D1ACBA68E009EF8C5 /* KTBaseViewController.m */ = {isa = PBXFileReference; fileEncoding = 4; lastKnownFileType = sourcecode.c.objc; path = KTBaseViewController.m; sourceTree = "<group>"; };
		B232A33E1ACBA68E009EF8C5 /* KTNavigationController.h */ = {isa = PBXFileReference; fileEncoding = 4; lastKnownFileType = sourcecode.c.h; path = KTNavigationController.h; sourceTree = "<group>"; };
		B232A33F1ACBA68E009EF8C5 /* KTNavigationController.m */ = {isa = PBXFileReference; fileEncoding = 4; lastKnownFileType = sourcecode.c.objc; path = KTNavigationController.m; sourceTree = "<group>"; };
		B232A3401ACBA68E009EF8C5 /* KTUIViewController+KTCustom.h */ = {isa = PBXFileReference; fileEncoding = 4; lastKnownFileType = sourcecode.c.h; path = "KTUIViewController+KTCustom.h"; sourceTree = "<group>"; };
		B232A3411ACBA68E009EF8C5 /* KTUIViewController+KTCustom.m */ = {isa = PBXFileReference; fileEncoding = 4; lastKnownFileType = sourcecode.c.objc; path = "KTUIViewController+KTCustom.m"; sourceTree = "<group>"; };
		B232A3441ACBA68E009EF8C5 /* KTDiscussionTabBarController.h */ = {isa = PBXFileReference; fileEncoding = 4; lastKnownFileType = sourcecode.c.h; path = KTDiscussionTabBarController.h; sourceTree = "<group>"; };
		B232A3451ACBA68E009EF8C5 /* KTDiscussionTabBarController.m */ = {isa = PBXFileReference; fileEncoding = 4; lastKnownFileType = sourcecode.c.objc; path = KTDiscussionTabBarController.m; sourceTree = "<group>"; };
		B232A3461ACBA68E009EF8C5 /* KTDiscussionViewController.h */ = {isa = PBXFileReference; fileEncoding = 4; lastKnownFileType = sourcecode.c.h; path = KTDiscussionViewController.h; sourceTree = "<group>"; };
		B232A3471ACBA68E009EF8C5 /* KTDiscussionViewController.m */ = {isa = PBXFileReference; fileEncoding = 4; lastKnownFileType = sourcecode.c.objc; path = KTDiscussionViewController.m; sourceTree = "<group>"; };
		B232A3481ACBA68E009EF8C5 /* KTMainTabBarController.h */ = {isa = PBXFileReference; fileEncoding = 4; lastKnownFileType = sourcecode.c.h; path = KTMainTabBarController.h; sourceTree = "<group>"; };
		B232A3491ACBA68E009EF8C5 /* KTMainTabBarController.m */ = {isa = PBXFileReference; fileEncoding = 4; lastKnownFileType = sourcecode.c.objc; path = KTMainTabBarController.m; sourceTree = "<group>"; };
		B232A34B1ACBA68F009EF8C5 /* KTBaseView.h */ = {isa = PBXFileReference; fileEncoding = 4; lastKnownFileType = sourcecode.c.h; path = KTBaseView.h; sourceTree = "<group>"; };
		B232A34C1ACBA68F009EF8C5 /* KTBaseView.m */ = {isa = PBXFileReference; fileEncoding = 4; lastKnownFileType = sourcecode.c.objc; path = KTBaseView.m; sourceTree = "<group>"; };
		B232A34F1ACBA68F009EF8C5 /* KTDiscussionTableViewCell.h */ = {isa = PBXFileReference; fileEncoding = 4; lastKnownFileType = sourcecode.c.h; path = KTDiscussionTableViewCell.h; sourceTree = "<group>"; };
		B232A3501ACBA68F009EF8C5 /* KTDiscussionTableViewCell.m */ = {isa = PBXFileReference; fileEncoding = 4; lastKnownFileType = sourcecode.c.objc; path = KTDiscussionTableViewCell.m; sourceTree = "<group>"; };
		B232A3511ACBA68F009EF8C5 /* KTDiscussionView.h */ = {isa = PBXFileReference; fileEncoding = 4; lastKnownFileType = sourcecode.c.h; path = KTDiscussionView.h; sourceTree = "<group>"; };
		B232A3521ACBA68F009EF8C5 /* KTDiscussionView.m */ = {isa = PBXFileReference; fileEncoding = 4; lastKnownFileType = sourcecode.c.objc; path = KTDiscussionView.m; sourceTree = "<group>"; };
		B232A39A1ACBD033009EF8C5 /* KTImageUtils.h */ = {isa = PBXFileReference; fileEncoding = 4; lastKnownFileType = sourcecode.c.h; path = KTImageUtils.h; sourceTree = "<group>"; };
		B232A39B1ACBD033009EF8C5 /* KTImageUtils.m */ = {isa = PBXFileReference; fileEncoding = 4; lastKnownFileType = sourcecode.c.objc; path = KTImageUtils.m; sourceTree = "<group>"; };
		B2F4A0DA1AC901D70022ACA5 /* libKTAppFrame.a */ = {isa = PBXFileReference; explicitFileType = archive.ar; includeInIndex = 0; path = libKTAppFrame.a; sourceTree = BUILT_PRODUCTS_DIR; };
		B2F4A0DD1AC901D70022ACA5 /* KTAppFrame.h */ = {isa = PBXFileReference; lastKnownFileType = sourcecode.c.h; path = KTAppFrame.h; sourceTree = "<group>"; };
		B2F4A0DF1AC901D70022ACA5 /* KTAppFrame.m */ = {isa = PBXFileReference; lastKnownFileType = sourcecode.c.objc; path = KTAppFrame.m; sourceTree = "<group>"; };
		B2F4A0E51AC901D70022ACA5 /* KTAppFrameTests.xctest */ = {isa = PBXFileReference; explicitFileType = wrapper.cfbundle; includeInIndex = 0; path = KTAppFrameTests.xctest; sourceTree = BUILT_PRODUCTS_DIR; };
		B2F4A0EB1AC901D70022ACA5 /* Info.plist */ = {isa = PBXFileReference; lastKnownFileType = text.plist.xml; path = Info.plist; sourceTree = "<group>"; };
/* End PBXFileReference section */

/* Begin PBXFrameworksBuildPhase section */
		B2F4A0D71AC901D70022ACA5 /* Frameworks */ = {
			isa = PBXFrameworksBuildPhase;
			buildActionMask = 2147483647;
			files = (
				B232A2B11ACB96F9009EF8C5 /* libAFNetworking.a in Frameworks */,
			);
			runOnlyForDeploymentPostprocessing = 0;
		};
		B2F4A0E21AC901D70022ACA5 /* Frameworks */ = {
			isa = PBXFrameworksBuildPhase;
			buildActionMask = 2147483647;
			files = (
				B2F4A0E61AC901D70022ACA5 /* libKTAppFrame.a in Frameworks */,
			);
			runOnlyForDeploymentPostprocessing = 0;
		};
/* End PBXFrameworksBuildPhase section */

/* Begin PBXGroup section */
		1B9995502EB393BB139B961F /* Frameworks */ = {
			isa = PBXGroup;
			children = (
				16FA43986FDA3819A85A6DAB /* libPods-KTAppFrame.a */,
			);
			name = Frameworks;
			sourceTree = "<group>";
		};
		B232A1671ACB96DB009EF8C5 /* Helpers */ = {
			isa = PBXGroup;
			children = (
				B232A1681ACB96DB009EF8C5 /* KTCommonInfo.h */,
				B232A1691ACB96DB009EF8C5 /* KTCommonInfo.m */,
				B232A39A1ACBD033009EF8C5 /* KTImageUtils.h */,
				B232A39B1ACBD033009EF8C5 /* KTImageUtils.m */,
			);
			path = Helpers;
			sourceTree = "<group>";
		};
		B232A21C1ACB96DB009EF8C5 /* UIKit */ = {
			isa = PBXGroup;
			children = (
				B232A21D1ACB96DB009EF8C5 /* KTTabBar.h */,
				B232A21E1ACB96DB009EF8C5 /* KTTabBar.m */,
				B232A21F1ACB96DB009EF8C5 /* KTTabBarController.h */,
				B232A2201ACB96DB009EF8C5 /* KTTabBarController.m */,
				B232A2211ACB96DB009EF8C5 /* KTTabBarItem.h */,
				B232A2221ACB96DB009EF8C5 /* KTTabBarItem.m */,
			);
			path = UIKit;
			sourceTree = "<group>";
		};
		B232A2871ACB96F9009EF8C5 /* ThirdPartyLibs */ = {
			isa = PBXGroup;
			children = (
				B232A2881ACB96F9009EF8C5 /* AFNetworking */,
				B232A2951ACB96F9009EF8C5 /* Masonry */,
				B232A2AD1ACB96F9009EF8C5 /* OpenUDID */,
			);
			path = ThirdPartyLibs;
			sourceTree = "<group>";
		};
		B232A2881ACB96F9009EF8C5 /* AFNetworking */ = {
			isa = PBXGroup;
			children = (
				B232A2891ACB96F9009EF8C5 /* AFHTTPClient.h */,
				B232A28A1ACB96F9009EF8C5 /* AFHTTPRequestOperation.h */,
				B232A28B1ACB96F9009EF8C5 /* AFImageRequestOperation.h */,
				B232A28C1ACB96F9009EF8C5 /* AFJSONRequestOperation.h */,
				B232A28D1ACB96F9009EF8C5 /* AFNetworkActivityIndicatorManager.h */,
				B232A28E1ACB96F9009EF8C5 /* AFNetworking.h */,
				B232A28F1ACB96F9009EF8C5 /* AFPropertyListRequestOperation.h */,
				B232A2901ACB96F9009EF8C5 /* AFURLConnectionOperation.h */,
				B232A2911ACB96F9009EF8C5 /* AFXMLRequestOperation.h */,
				B232A2921ACB96F9009EF8C5 /* libAFNetworking.a */,
				B232A2931ACB96F9009EF8C5 /* LICENSE */,
				B232A2941ACB96F9009EF8C5 /* UIImageView+AFNetworking.h */,
			);
			path = AFNetworking;
			sourceTree = "<group>";
		};
		B232A2951ACB96F9009EF8C5 /* Masonry */ = {
			isa = PBXGroup;
			children = (
				B232A2961ACB96F9009EF8C5 /* MASCompositeConstraint.h */,
				B232A2971ACB96F9009EF8C5 /* MASCompositeConstraint.m */,
				B232A2981ACB96F9009EF8C5 /* MASConstraint+Private.h */,
				B232A2991ACB96F9009EF8C5 /* MASConstraint.h */,
				B232A29A1ACB96F9009EF8C5 /* MASConstraint.m */,
				B232A29B1ACB96F9009EF8C5 /* MASConstraintMaker.h */,
				B232A29C1ACB96F9009EF8C5 /* MASConstraintMaker.m */,
				B232A29D1ACB96F9009EF8C5 /* MASLayoutConstraint.h */,
				B232A29E1ACB96F9009EF8C5 /* MASLayoutConstraint.m */,
				B232A29F1ACB96F9009EF8C5 /* Masonry.h */,
				B232A2A01ACB96F9009EF8C5 /* MASUtilities.h */,
				B232A2A11ACB96F9009EF8C5 /* MASViewAttribute.h */,
				B232A2A21ACB96F9009EF8C5 /* MASViewAttribute.m */,
				B232A2A31ACB96F9009EF8C5 /* MASViewConstraint.h */,
				B232A2A41ACB96F9009EF8C5 /* MASViewConstraint.m */,
				B232A2A51ACB96F9009EF8C5 /* NSArray+MASAdditions.h */,
				B232A2A61ACB96F9009EF8C5 /* NSArray+MASAdditions.m */,
				B232A2A71ACB96F9009EF8C5 /* NSArray+MASShorthandAdditions.h */,
				B232A2A81ACB96F9009EF8C5 /* NSLayoutConstraint+MASDebugAdditions.h */,
				B232A2A91ACB96F9009EF8C5 /* NSLayoutConstraint+MASDebugAdditions.m */,
				B232A2AA1ACB96F9009EF8C5 /* View+MASAdditions.h */,
				B232A2AB1ACB96F9009EF8C5 /* View+MASAdditions.m */,
				B232A2AC1ACB96F9009EF8C5 /* View+MASShorthandAdditions.h */,
			);
			path = Masonry;
			sourceTree = "<group>";
		};
		B232A2AD1ACB96F9009EF8C5 /* OpenUDID */ = {
			isa = PBXGroup;
			children = (
				B232A2AE1ACB96F9009EF8C5 /* OpenUDID.h */,
				B232A2AF1ACB96F9009EF8C5 /* OpenUDID.m */,
				B232A2B01ACB96F9009EF8C5 /* README.md */,
			);
			path = OpenUDID;
			sourceTree = "<group>";
		};
		B232A2BD1ACBA68E009EF8C5 /* Models */ = {
			isa = PBXGroup;
			children = (
				B232A2BE1ACBA68E009EF8C5 /* Account */,
				B232A2C51ACBA68E009EF8C5 /* Base */,
				B232A2D31ACBA68E009EF8C5 /* Community */,
				B232A2DE1ACBA68E009EF8C5 /* Friend */,
				B232A2E31ACBA68E009EF8C5 /* Inbox */,
				B232A2EA1ACBA68E009EF8C5 /* Leaderboard */,
			);
			path = Models;
			sourceTree = "<group>";
		};
		B232A2BE1ACBA68E009EF8C5 /* Account */ = {
			isa = PBXGroup;
			children = (
				B232A2BF1ACBA68E009EF8C5 /* KTModelAccount.h */,
				B232A2C01ACBA68E009EF8C5 /* KTModelAccount.m */,
				B232A2C11ACBA68E009EF8C5 /* KTModelGamequery.h */,
				B232A2C21ACBA68E009EF8C5 /* KTModelGamequery.m */,
				B232A2C31ACBA68E009EF8C5 /* KTModelUser.h */,
				B232A2C41ACBA68E009EF8C5 /* KTModelUser.m */,
			);
			path = Account;
			sourceTree = "<group>";
		};
		B232A2C51ACBA68E009EF8C5 /* Base */ = {
			isa = PBXGroup;
			children = (
				B232A2C61ACBA68E009EF8C5 /* KTModel.h */,
				B232A2C71ACBA68E009EF8C5 /* KTModel.m */,
				B232A2C81ACBA68E009EF8C5 /* KTModelBaseInfo.h */,
				B232A2C91ACBA68E009EF8C5 /* KTModelBaseInfo.m */,
				B232A2CA1ACBA68E009EF8C5 /* KTModelGame.h */,
				B232A2CB1ACBA68E009EF8C5 /* KTModelGame.m */,
				B232A2CC1ACBA68E009EF8C5 /* KTModelImage.h */,
				B232A2CD1ACBA68E009EF8C5 /* KTModelImage.m */,
				B232A2CE1ACBA68E009EF8C5 /* KTModelMappingDefines.h */,
				B232A2CF1ACBA68E009EF8C5 /* KTModelRedeemReward.h */,
				B232A2D01ACBA68E009EF8C5 /* KTModelRedeemReward.m */,
				B232A2D11ACBA68E009EF8C5 /* KTModelSuccess.h */,
				B232A2D21ACBA68E009EF8C5 /* KTModelSuccess.m */,
			);
			path = Base;
			sourceTree = "<group>";
		};
		B232A2D31ACBA68E009EF8C5 /* Community */ = {
			isa = PBXGroup;
			children = (
				B232A2D41ACBA68E009EF8C5 /* KTModelContactBookPeople.h */,
				B232A2D51ACBA68E009EF8C5 /* KTModelContactBookPeople.m */,
				B232A2D61ACBA68E009EF8C5 /* KTModelHomePage.h */,
				B232A2D71ACBA68E009EF8C5 /* KTModelHomePage.m */,
				B232A2D81ACBA68E009EF8C5 /* KTModelReply.h */,
				B232A2D91ACBA68E009EF8C5 /* KTModelReply.m */,
				B232A2DA1ACBA68E009EF8C5 /* KTModelTopic.h */,
				B232A2DB1ACBA68E009EF8C5 /* KTModelTopic.m */,
				B232A2DC1ACBA68E009EF8C5 /* KTModelTopicActivity.h */,
				B232A2DD1ACBA68E009EF8C5 /* KTModelTopicActivity.m */,
			);
			path = Community;
			sourceTree = "<group>";
		};
		B232A2DE1ACBA68E009EF8C5 /* Friend */ = {
			isa = PBXGroup;
			children = (
				B232A2DF1ACBA68E009EF8C5 /* KTModelFriendship.h */,
				B232A2E01ACBA68E009EF8C5 /* KTModelFriendship.m */,
				B232A2E11ACBA68E009EF8C5 /* KTModelFriendshipRequest.h */,
				B232A2E21ACBA68E009EF8C5 /* KTModelFriendshipRequest.m */,
			);
			path = Friend;
			sourceTree = "<group>";
		};
		B232A2E31ACBA68E009EF8C5 /* Inbox */ = {
			isa = PBXGroup;
			children = (
				B232A2E41ACBA68E009EF8C5 /* KTModelDeepLink.h */,
				B232A2E51ACBA68E009EF8C5 /* KTModelDeepLink.m */,
				B232A2E61ACBA68E009EF8C5 /* KTModelNotice.h */,
				B232A2E71ACBA68E009EF8C5 /* KTModelNotice.m */,
				B232A2E81ACBA68E009EF8C5 /* KTModelReward.h */,
				B232A2E91ACBA68E009EF8C5 /* KTModelReward.m */,
			);
			path = Inbox;
			sourceTree = "<group>";
		};
		B232A2EA1ACBA68E009EF8C5 /* Leaderboard */ = {
			isa = PBXGroup;
			children = (
				B232A2EB1ACBA68E009EF8C5 /* KTModelLeaderboard.h */,
				B232A2EC1ACBA68E009EF8C5 /* KTModelLeaderboard.m */,
			);
			path = Leaderboard;
			sourceTree = "<group>";
		};
		B232A2ED1ACBA68E009EF8C5 /* Stores */ = {
			isa = PBXGroup;
			children = (
				B232A38C1ACBA708009EF8C5 /* Cache */,
				B232A2EE1ACBA68E009EF8C5 /* API */,
			);
			path = Stores;
			sourceTree = "<group>";
		};
		B232A2EE1ACBA68E009EF8C5 /* API */ = {
			isa = PBXGroup;
			children = (
				B232A2EF1ACBA68E009EF8C5 /* Account */,
				B232A2F61ACBA68E009EF8C5 /* Base */,
				B232A2FA1ACBA68E009EF8C5 /* Business */,
				B232A32B1ACBA68E009EF8C5 /* Community */,
				B232A32F1ACBA68E009EF8C5 /* Friend */,
				B232A3331ACBA68E009EF8C5 /* Inbox */,
				B232A3371ACBA68E009EF8C5 /* Leaderboard */,
			);
			path = API;
			sourceTree = "<group>";
		};
		B232A2EF1ACBA68E009EF8C5 /* Account */ = {
			isa = PBXGroup;
			children = (
				B232A2F01ACBA68E009EF8C5 /* KTAccountApi.h */,
				B232A2F11ACBA68E009EF8C5 /* KTAccountApi.m */,
				B232A2F21ACBA68E009EF8C5 /* KTAccountApiDefines.h */,
				B232A2F31ACBA68E009EF8C5 /* KTUserApi.h */,
				B232A2F41ACBA68E009EF8C5 /* KTUserApi.m */,
				B232A2F51ACBA68E009EF8C5 /* KTUserApiDefines.h */,
			);
			path = Account;
			sourceTree = "<group>";
		};
		B232A2F61ACBA68E009EF8C5 /* Base */ = {
			isa = PBXGroup;
			children = (
				B232A2F71ACBA68E009EF8C5 /* KTBaseApi.h */,
				B232A2F81ACBA68E009EF8C5 /* KTBaseApi.m */,
				B232A2F91ACBA68E009EF8C5 /* KTCommonApiDefines.h */,
			);
			path = Base;
			sourceTree = "<group>";
		};
		B232A2FA1ACBA68E009EF8C5 /* Business */ = {
			isa = PBXGroup;
			children = (
				B232A2FB1ACBA68E009EF8C5 /* KTApi.h */,
				B232A2FC1ACBA68E009EF8C5 /* KTApi.m */,
				B232A2FD1ACBA68E009EF8C5 /* KTApiClient.h */,
				B232A2FE1ACBA68E009EF8C5 /* KTApiClient.m */,
				B232A2FF1ACBA68E009EF8C5 /* KTApiResponse.h */,
				B232A3001ACBA68E009EF8C5 /* KTApiResponse.m */,
				B232A3011ACBA68E009EF8C5 /* KTplayBusiness.h */,
				B232A3021ACBA68E009EF8C5 /* ModelHelper */,
				B232A3191ACBA68E009EF8C5 /* Validators */,
			);
			path = Business;
			sourceTree = "<group>";
		};
		B232A3021ACBA68E009EF8C5 /* ModelHelper */ = {
			isa = PBXGroup;
			children = (
				B232A3031ACBA68E009EF8C5 /* KTModeHelperIvar.h */,
				B232A3041ACBA68E009EF8C5 /* KTModeHelperIvar.m */,
				B232A3051ACBA68E009EF8C5 /* KTModeHelperMethod.h */,
				B232A3061ACBA68E009EF8C5 /* KTModeHelperMethod.m */,
				B232A3071ACBA68E009EF8C5 /* KTModelHelpArgument.h */,
				B232A3081ACBA68E009EF8C5 /* KTModelHelpArgument.m */,
				B232A3091ACBA68E009EF8C5 /* KTModelHelperConst.h */,
				B232A30A1ACBA68E009EF8C5 /* KTModelHelperExtension.h */,
				B232A30B1ACBA68E009EF8C5 /* KTModelHelperFoundation.h */,
				B232A30C1ACBA68E009EF8C5 /* KTModelHelperFoundation.m */,
				B232A30D1ACBA68E009EF8C5 /* KTModelHelperMember.h */,
				B232A30E1ACBA68E009EF8C5 /* KTModelHelperMember.m */,
				B232A30F1ACBA68E009EF8C5 /* KTModelHelperType.h */,
				B232A3101ACBA68E009EF8C5 /* KTModelHelperType.m */,
				B232A3111ACBA68E009EF8C5 /* KTModelHelperTypeEncoding.h */,
				B232A3121ACBA68E009EF8C5 /* KTModelHelperTypeEncoding.m */,
				B232A3131ACBA68E009EF8C5 /* NSObject+KTModelHelperCoding.h */,
				B232A3141ACBA68E009EF8C5 /* NSObject+KTModelHelperCoding.m */,
				B232A3151ACBA68E009EF8C5 /* NSObject+KTModelHelperKeyValue.h */,
				B232A3161ACBA68E009EF8C5 /* NSObject+KTModelHelperKeyValue.m */,
				B232A3171ACBA68E009EF8C5 /* NSObject+KTModelHelperMember.h */,
				B232A3181ACBA68E009EF8C5 /* NSObject+KTModelHelperMember.m */,
			);
			path = ModelHelper;
			sourceTree = "<group>";
		};
		B232A3191ACBA68E009EF8C5 /* Validators */ = {
			isa = PBXGroup;
			children = (
				B232A31A1ACBA68E009EF8C5 /* KTAlphaValidator.h */,
				B232A31B1ACBA68E009EF8C5 /* KTAlphaValidator.m */,
				B232A31C1ACBA68E009EF8C5 /* KTEmailValidator.h */,
				B232A31D1ACBA68E009EF8C5 /* KTEmailValidator.m */,
				B232A31E1ACBA68E009EF8C5 /* KTLengthValidator.h */,
				B232A31F1ACBA68E009EF8C5 /* KTLengthValidator.m */,
				B232A3201ACBA68E009EF8C5 /* KTNumericValidator.h */,
				B232A3211ACBA68E009EF8C5 /* KTNumericValidator.m */,
				B232A3221ACBA68E009EF8C5 /* KTRangeValidator.h */,
				B232A3231ACBA68E009EF8C5 /* KTRangeValidator.m */,
				B232A3241ACBA68E009EF8C5 /* KTRegexValidator.h */,
				B232A3251ACBA68E009EF8C5 /* KTRegexValidator.m */,
				B232A3261ACBA68E009EF8C5 /* KTRequiredValidator.h */,
				B232A3271ACBA68E009EF8C5 /* KTRequiredValidator.m */,
				B232A3281ACBA68E009EF8C5 /* KTValidator.h */,
				B232A3291ACBA68E009EF8C5 /* KTValidator.m */,
				B232A32A1ACBA68E009EF8C5 /* KTValidators.h */,
			);
			path = Validators;
			sourceTree = "<group>";
		};
		B232A32B1ACBA68E009EF8C5 /* Community */ = {
			isa = PBXGroup;
			children = (
				B232A32C1ACBA68E009EF8C5 /* KTCommunityApi.h */,
				B232A32D1ACBA68E009EF8C5 /* KTCommunityApi.m */,
				B232A32E1ACBA68E009EF8C5 /* KTCommunityApiDefines.h */,
			);
			path = Community;
			sourceTree = "<group>";
		};
		B232A32F1ACBA68E009EF8C5 /* Friend */ = {
			isa = PBXGroup;
			children = (
				B232A3301ACBA68E009EF8C5 /* KTFriendApi.h */,
				B232A3311ACBA68E009EF8C5 /* KTFriendApi.m */,
				B232A3321ACBA68E009EF8C5 /* KTFriendApiDefines.h */,
			);
			path = Friend;
			sourceTree = "<group>";
		};
		B232A3331ACBA68E009EF8C5 /* Inbox */ = {
			isa = PBXGroup;
			children = (
				B232A3341ACBA68E009EF8C5 /* KTInboxApi.h */,
				B232A3351ACBA68E009EF8C5 /* KTInboxApi.m */,
				B232A3361ACBA68E009EF8C5 /* KTInboxApiDefines.h */,
			);
			path = Inbox;
			sourceTree = "<group>";
		};
		B232A3371ACBA68E009EF8C5 /* Leaderboard */ = {
			isa = PBXGroup;
			children = (
				B232A3381ACBA68E009EF8C5 /* KTLeaderboardApi.h */,
				B232A3391ACBA68E009EF8C5 /* KTLeaderboardApi.m */,
				B232A33A1ACBA68E009EF8C5 /* KTLeaderboardApiDefines.h */,
			);
			path = Leaderboard;
			sourceTree = "<group>";
		};
		B232A33B1ACBA68E009EF8C5 /* ViewControllers */ = {
			isa = PBXGroup;
			children = (
				B232A33C1ACBA68E009EF8C5 /* KTBaseViewController.h */,
				B232A33D1ACBA68E009EF8C5 /* KTBaseViewController.m */,
				B232A33E1ACBA68E009EF8C5 /* KTNavigationController.h */,
				B232A33F1ACBA68E009EF8C5 /* KTNavigationController.m */,
				B232A3401ACBA68E009EF8C5 /* KTUIViewController+KTCustom.h */,
				B232A3411ACBA68E009EF8C5 /* KTUIViewController+KTCustom.m */,
				B232A3421ACBA68E009EF8C5 /* Main */,
			);
			path = ViewControllers;
			sourceTree = "<group>";
		};
		B232A3421ACBA68E009EF8C5 /* Main */ = {
			isa = PBXGroup;
			children = (
				B232A3431ACBA68E009EF8C5 /* Discussion */,
				B232A3481ACBA68E009EF8C5 /* KTMainTabBarController.h */,
				B232A3491ACBA68E009EF8C5 /* KTMainTabBarController.m */,
			);
			path = Main;
			sourceTree = "<group>";
		};
		B232A3431ACBA68E009EF8C5 /* Discussion */ = {
			isa = PBXGroup;
			children = (
				B232A3441ACBA68E009EF8C5 /* KTDiscussionTabBarController.h */,
				B232A3451ACBA68E009EF8C5 /* KTDiscussionTabBarController.m */,
				B232A3461ACBA68E009EF8C5 /* KTDiscussionViewController.h */,
				B232A3471ACBA68E009EF8C5 /* KTDiscussionViewController.m */,
			);
			path = Discussion;
			sourceTree = "<group>";
		};
		B232A34A1ACBA68E009EF8C5 /* Views */ = {
			isa = PBXGroup;
			children = (
				B232A34B1ACBA68F009EF8C5 /* KTBaseView.h */,
				B232A34C1ACBA68F009EF8C5 /* KTBaseView.m */,
				B232A34D1ACBA68F009EF8C5 /* Main */,
			);
			path = Views;
			sourceTree = "<group>";
		};
		B232A34D1ACBA68F009EF8C5 /* Main */ = {
			isa = PBXGroup;
			children = (
				B232A34E1ACBA68F009EF8C5 /* Discussion */,
			);
			path = Main;
			sourceTree = "<group>";
		};
		B232A34E1ACBA68F009EF8C5 /* Discussion */ = {
			isa = PBXGroup;
			children = (
				B232A34F1ACBA68F009EF8C5 /* KTDiscussionTableViewCell.h */,
				B232A3501ACBA68F009EF8C5 /* KTDiscussionTableViewCell.m */,
				B232A3511ACBA68F009EF8C5 /* KTDiscussionView.h */,
				B232A3521ACBA68F009EF8C5 /* KTDiscussionView.m */,
			);
			path = Discussion;
			sourceTree = "<group>";
		};
		B232A38C1ACBA708009EF8C5 /* Cache */ = {
			isa = PBXGroup;
			children = (
			);
			path = Cache;
			sourceTree = "<group>";
		};
		B2F4A0D11AC901D70022ACA5 = {
			isa = PBXGroup;
			children = (
				B2F4A0DC1AC901D70022ACA5 /* KTAppFrame */,
				B2F4A0E91AC901D70022ACA5 /* KTAppFrameTests */,
				B2F4A0DB1AC901D70022ACA5 /* Products */,
				1B9995502EB393BB139B961F /* Frameworks */,
			);
			sourceTree = "<group>";
		};
		B2F4A0DB1AC901D70022ACA5 /* Products */ = {
			isa = PBXGroup;
			children = (
				B2F4A0DA1AC901D70022ACA5 /* libKTAppFrame.a */,
				B2F4A0E51AC901D70022ACA5 /* KTAppFrameTests.xctest */,
			);
			name = Products;
			sourceTree = "<group>";
		};
		B2F4A0DC1AC901D70022ACA5 /* KTAppFrame */ = {
			isa = PBXGroup;
			children = (
				B232A2871ACB96F9009EF8C5 /* ThirdPartyLibs */,
				B232A21C1ACB96DB009EF8C5 /* UIKit */,
				B232A1671ACB96DB009EF8C5 /* Helpers */,
				B232A2BD1ACBA68E009EF8C5 /* Models */,
				B232A2ED1ACBA68E009EF8C5 /* Stores */,
				B232A33B1ACBA68E009EF8C5 /* ViewControllers */,
				B232A34A1ACBA68E009EF8C5 /* Views */,
				B2F4A0DD1AC901D70022ACA5 /* KTAppFrame.h */,
				B2F4A0DF1AC901D70022ACA5 /* KTAppFrame.m */,
			);
			path = KTAppFrame;
			sourceTree = "<group>";
		};
		B2F4A0E91AC901D70022ACA5 /* KTAppFrameTests */ = {
			isa = PBXGroup;
			children = (
				B2F4A0EA1AC901D70022ACA5 /* Supporting Files */,
			);
			path = KTAppFrameTests;
			sourceTree = "<group>";
		};
		B2F4A0EA1AC901D70022ACA5 /* Supporting Files */ = {
			isa = PBXGroup;
			children = (
				B2F4A0EB1AC901D70022ACA5 /* Info.plist */,
			);
			name = "Supporting Files";
			sourceTree = "<group>";
		};
/* End PBXGroup section */

/* Begin PBXNativeTarget section */
		B2F4A0D91AC901D70022ACA5 /* KTAppFrame */ = {
			isa = PBXNativeTarget;
			buildConfigurationList = B2F4A0EE1AC901D70022ACA5 /* Build configuration list for PBXNativeTarget "KTAppFrame" */;
			buildPhases = (
				B2F4A0D61AC901D70022ACA5 /* Sources */,
				B2F4A0D71AC901D70022ACA5 /* Frameworks */,
				B2F4A0D81AC901D70022ACA5 /* CopyFiles */,
			);
			buildRules = (
			);
			dependencies = (
			);
			name = KTAppFrame;
			productName = KTAppFrame;
			productReference = B2F4A0DA1AC901D70022ACA5 /* libKTAppFrame.a */;
			productType = "com.apple.product-type.library.static";
		};
		B2F4A0E41AC901D70022ACA5 /* KTAppFrameTests */ = {
			isa = PBXNativeTarget;
			buildConfigurationList = B2F4A0F11AC901D70022ACA5 /* Build configuration list for PBXNativeTarget "KTAppFrameTests" */;
			buildPhases = (
				B2F4A0E11AC901D70022ACA5 /* Sources */,
				B2F4A0E21AC901D70022ACA5 /* Frameworks */,
				B2F4A0E31AC901D70022ACA5 /* Resources */,
			);
			buildRules = (
			);
			dependencies = (
				B2F4A0E81AC901D70022ACA5 /* PBXTargetDependency */,
			);
			name = KTAppFrameTests;
			productName = KTAppFrameTests;
			productReference = B2F4A0E51AC901D70022ACA5 /* KTAppFrameTests.xctest */;
			productType = "com.apple.product-type.bundle.unit-test";
		};
/* End PBXNativeTarget section */

/* Begin PBXProject section */
		B2F4A0D21AC901D70022ACA5 /* Project object */ = {
			isa = PBXProject;
			attributes = {
				LastUpgradeCheck = 0620;
				ORGANIZATIONNAME = jayden;
				TargetAttributes = {
					B2F4A0D91AC901D70022ACA5 = {
						CreatedOnToolsVersion = 6.2;
					};
					B2F4A0E41AC901D70022ACA5 = {
						CreatedOnToolsVersion = 6.2;
					};
				};
			};
			buildConfigurationList = B2F4A0D51AC901D70022ACA5 /* Build configuration list for PBXProject "KTAppFrame" */;
			compatibilityVersion = "Xcode 3.2";
			developmentRegion = English;
			hasScannedForEncodings = 0;
			knownRegions = (
				en,
			);
			mainGroup = B2F4A0D11AC901D70022ACA5;
			productRefGroup = B2F4A0DB1AC901D70022ACA5 /* Products */;
			projectDirPath = "";
			projectRoot = "";
			targets = (
				B2F4A0D91AC901D70022ACA5 /* KTAppFrame */,
				B2F4A0E41AC901D70022ACA5 /* KTAppFrameTests */,
			);
		};
/* End PBXProject section */

/* Begin PBXResourcesBuildPhase section */
		B2F4A0E31AC901D70022ACA5 /* Resources */ = {
			isa = PBXResourcesBuildPhase;
			buildActionMask = 2147483647;
			files = (
			);
			runOnlyForDeploymentPostprocessing = 0;
		};
/* End PBXResourcesBuildPhase section */

/* Begin PBXSourcesBuildPhase section */
		B2F4A0D61AC901D70022ACA5 /* Sources */ = {
			isa = PBXSourcesBuildPhase;
			buildActionMask = 2147483647;
			files = (
				B232A36B1ACBA68F009EF8C5 /* KTApiClient.m in Sources */,
				B232A36A1ACBA68F009EF8C5 /* KTApi.m in Sources */,
				B232A3741ACBA68F009EF8C5 /* NSObject+KTModelHelperCoding.m in Sources */,
				B232A3641ACBA68F009EF8C5 /* KTModelNotice.m in Sources */,
				B232A36D1ACBA68F009EF8C5 /* KTModeHelperIvar.m in Sources */,
				B232A2B71ACB96F9009EF8C5 /* MASViewConstraint.m in Sources */,
				B232A2B31ACB96F9009EF8C5 /* MASConstraint.m in Sources */,
				B232A3681ACBA68F009EF8C5 /* KTUserApi.m in Sources */,
				B232A36E1ACBA68F009EF8C5 /* KTModeHelperMethod.m in Sources */,
				B232A3821ACBA68F009EF8C5 /* KTLeaderboardApi.m in Sources */,
				B232A3891ACBA68F009EF8C5 /* KTBaseView.m in Sources */,
				B232A2B61ACB96F9009EF8C5 /* MASViewAttribute.m in Sources */,
				B232A3571ACBA68F009EF8C5 /* KTModelBaseInfo.m in Sources */,
				B232A35B1ACBA68F009EF8C5 /* KTModelSuccess.m in Sources */,
				B232A3801ACBA68F009EF8C5 /* KTFriendApi.m in Sources */,
				B232A2B21ACB96F9009EF8C5 /* MASCompositeConstraint.m in Sources */,
				B232A3661ACBA68F009EF8C5 /* KTModelLeaderboard.m in Sources */,
				B232A3701ACBA68F009EF8C5 /* KTModelHelperFoundation.m in Sources */,
				B232A3531ACBA68F009EF8C5 /* KTModelAccount.m in Sources */,
				B232A3551ACBA68F009EF8C5 /* KTModelUser.m in Sources */,
				B232A35D1ACBA68F009EF8C5 /* KTModelHomePage.m in Sources */,
				B232A3841ACBA68F009EF8C5 /* KTNavigationController.m in Sources */,
				B232A3791ACBA68F009EF8C5 /* KTLengthValidator.m in Sources */,
				B232A3651ACBA68F009EF8C5 /* KTModelReward.m in Sources */,
				B232A3751ACBA68F009EF8C5 /* NSObject+KTModelHelperKeyValue.m in Sources */,
				B232A2BB1ACB96F9009EF8C5 /* OpenUDID.m in Sources */,
				B232A27B1ACB96DB009EF8C5 /* KTTabBar.m in Sources */,
				B232A3591ACBA68F009EF8C5 /* KTModelImage.m in Sources */,
				B232A3561ACBA68F009EF8C5 /* KTModel.m in Sources */,
				B232A3601ACBA68F009EF8C5 /* KTModelTopicActivity.m in Sources */,
				B232A3851ACBA68F009EF8C5 /* KTUIViewController+KTCustom.m in Sources */,
				B232A2B91ACB96F9009EF8C5 /* NSLayoutConstraint+MASDebugAdditions.m in Sources */,
				B232A2BA1ACB96F9009EF8C5 /* View+MASAdditions.m in Sources */,
				B232A3691ACBA68F009EF8C5 /* KTBaseApi.m in Sources */,
				B232A37C1ACBA68F009EF8C5 /* KTRegexValidator.m in Sources */,
				B232A2B41ACB96F9009EF8C5 /* MASConstraintMaker.m in Sources */,
				B232A36F1ACBA68F009EF8C5 /* KTModelHelpArgument.m in Sources */,
				B232A3771ACBA68F009EF8C5 /* KTAlphaValidator.m in Sources */,
				B232A3581ACBA68F009EF8C5 /* KTModelGame.m in Sources */,
				B232A38A1ACBA68F009EF8C5 /* KTDiscussionTableViewCell.m in Sources */,
				B232A3831ACBA68F009EF8C5 /* KTBaseViewController.m in Sources */,
				B232A3871ACBA68F009EF8C5 /* KTDiscussionViewController.m in Sources */,
				B232A3671ACBA68F009EF8C5 /* KTAccountApi.m in Sources */,
				B232A3631ACBA68F009EF8C5 /* KTModelDeepLink.m in Sources */,
				B2F4A0E01AC901D70022ACA5 /* KTAppFrame.m in Sources */,
				B232A36C1ACBA68F009EF8C5 /* KTApiResponse.m in Sources */,
				B232A3731ACBA68F009EF8C5 /* KTModelHelperTypeEncoding.m in Sources */,
				B232A37F1ACBA68F009EF8C5 /* KTCommunityApi.m in Sources */,
				B232A3861ACBA68F009EF8C5 /* KTDiscussionTabBarController.m in Sources */,
				B232A3761ACBA68F009EF8C5 /* NSObject+KTModelHelperMember.m in Sources */,
				B232A27C1ACB96DB009EF8C5 /* KTTabBarController.m in Sources */,
				B232A37E1ACBA68F009EF8C5 /* KTValidator.m in Sources */,
				B232A3711ACBA68F009EF8C5 /* KTModelHelperMember.m in Sources */,
				B232A38B1ACBA68F009EF8C5 /* KTDiscussionView.m in Sources */,
				B232A2B51ACB96F9009EF8C5 /* MASLayoutConstraint.m in Sources */,
				B232A27D1ACB96DB009EF8C5 /* KTTabBarItem.m in Sources */,
				B232A39C1ACBD033009EF8C5 /* KTImageUtils.m in Sources */,
				B232A35F1ACBA68F009EF8C5 /* KTModelTopic.m in Sources */,
				B232A3541ACBA68F009EF8C5 /* KTModelGamequery.m in Sources */,
				B232A3721ACBA68F009EF8C5 /* KTModelHelperType.m in Sources */,
				B232A37A1ACBA68F009EF8C5 /* KTNumericValidator.m in Sources */,
				B232A2BC1ACB96F9009EF8C5 /* README.md in Sources */,
				B232A3611ACBA68F009EF8C5 /* KTModelFriendship.m in Sources */,
				B232A3811ACBA68F009EF8C5 /* KTInboxApi.m in Sources */,
				B232A35A1ACBA68F009EF8C5 /* KTModelRedeemReward.m in Sources */,
				B232A35C1ACBA68F009EF8C5 /* KTModelContactBookPeople.m in Sources */,
				B232A23B1ACB96DB009EF8C5 /* KTCommonInfo.m in Sources */,
				B232A37B1ACBA68F009EF8C5 /* KTRangeValidator.m in Sources */,
				B232A2B81ACB96F9009EF8C5 /* NSArray+MASAdditions.m in Sources */,
				B232A37D1ACBA68F009EF8C5 /* KTRequiredValidator.m in Sources */,
				B232A3621ACBA68F009EF8C5 /* KTModelFriendshipRequest.m in Sources */,
				B232A3881ACBA68F009EF8C5 /* KTMainTabBarController.m in Sources */,
				B232A35E1ACBA68F009EF8C5 /* KTModelReply.m in Sources */,
				B232A3781ACBA68F009EF8C5 /* KTEmailValidator.m in Sources */,
			);
			runOnlyForDeploymentPostprocessing = 0;
		};
		B2F4A0E11AC901D70022ACA5 /* Sources */ = {
			isa = PBXSourcesBuildPhase;
			buildActionMask = 2147483647;
			files = (
			);
			runOnlyForDeploymentPostprocessing = 0;
		};
/* End PBXSourcesBuildPhase section */

/* Begin PBXTargetDependency section */
		B2F4A0E81AC901D70022ACA5 /* PBXTargetDependency */ = {
			isa = PBXTargetDependency;
			target = B2F4A0D91AC901D70022ACA5 /* KTAppFrame */;
			targetProxy = B2F4A0E71AC901D70022ACA5 /* PBXContainerItemProxy */;
		};
/* End PBXTargetDependency section */

/* Begin XCBuildConfiguration section */
		B2F4A0EC1AC901D70022ACA5 /* Debug */ = {
			isa = XCBuildConfiguration;
			buildSettings = {
				ALWAYS_SEARCH_USER_PATHS = NO;
				CLANG_CXX_LANGUAGE_STANDARD = "gnu++0x";
				CLANG_CXX_LIBRARY = "libc++";
				CLANG_ENABLE_MODULES = YES;
				CLANG_ENABLE_OBJC_ARC = YES;
				CLANG_WARN_BOOL_CONVERSION = YES;
				CLANG_WARN_CONSTANT_CONVERSION = YES;
				CLANG_WARN_DIRECT_OBJC_ISA_USAGE = YES_ERROR;
				CLANG_WARN_EMPTY_BODY = YES;
				CLANG_WARN_ENUM_CONVERSION = YES;
				CLANG_WARN_INT_CONVERSION = YES;
				CLANG_WARN_OBJC_ROOT_CLASS = YES_ERROR;
				CLANG_WARN_UNREACHABLE_CODE = YES;
				CLANG_WARN__DUPLICATE_METHOD_MATCH = YES;
				COPY_PHASE_STRIP = NO;
				ENABLE_STRICT_OBJC_MSGSEND = YES;
				GCC_C_LANGUAGE_STANDARD = gnu99;
				GCC_DYNAMIC_NO_PIC = NO;
				GCC_OPTIMIZATION_LEVEL = 0;
				GCC_PREPROCESSOR_DEFINITIONS = (
					"DEBUG=1",
					"$(inherited)",
				);
				GCC_SYMBOLS_PRIVATE_EXTERN = NO;
				GCC_WARN_64_TO_32_BIT_CONVERSION = YES;
				GCC_WARN_ABOUT_RETURN_TYPE = YES_ERROR;
				GCC_WARN_UNDECLARED_SELECTOR = YES;
				GCC_WARN_UNINITIALIZED_AUTOS = YES_AGGRESSIVE;
				GCC_WARN_UNUSED_FUNCTION = YES;
				GCC_WARN_UNUSED_VARIABLE = YES;
				IPHONEOS_DEPLOYMENT_TARGET = 6.0;
				MTL_ENABLE_DEBUG_INFO = YES;
				ONLY_ACTIVE_ARCH = YES;
				SDKROOT = iphoneos;
			};
			name = Debug;
		};
		B2F4A0ED1AC901D70022ACA5 /* Release */ = {
			isa = XCBuildConfiguration;
			buildSettings = {
				ALWAYS_SEARCH_USER_PATHS = NO;
				CLANG_CXX_LANGUAGE_STANDARD = "gnu++0x";
				CLANG_CXX_LIBRARY = "libc++";
				CLANG_ENABLE_MODULES = YES;
				CLANG_ENABLE_OBJC_ARC = YES;
				CLANG_WARN_BOOL_CONVERSION = YES;
				CLANG_WARN_CONSTANT_CONVERSION = YES;
				CLANG_WARN_DIRECT_OBJC_ISA_USAGE = YES_ERROR;
				CLANG_WARN_EMPTY_BODY = YES;
				CLANG_WARN_ENUM_CONVERSION = YES;
				CLANG_WARN_INT_CONVERSION = YES;
				CLANG_WARN_OBJC_ROOT_CLASS = YES_ERROR;
				CLANG_WARN_UNREACHABLE_CODE = YES;
				CLANG_WARN__DUPLICATE_METHOD_MATCH = YES;
				COPY_PHASE_STRIP = NO;
				ENABLE_NS_ASSERTIONS = NO;
				ENABLE_STRICT_OBJC_MSGSEND = YES;
				GCC_C_LANGUAGE_STANDARD = gnu99;
				GCC_WARN_64_TO_32_BIT_CONVERSION = YES;
				GCC_WARN_ABOUT_RETURN_TYPE = YES_ERROR;
				GCC_WARN_UNDECLARED_SELECTOR = YES;
				GCC_WARN_UNINITIALIZED_AUTOS = YES_AGGRESSIVE;
				GCC_WARN_UNUSED_FUNCTION = YES;
				GCC_WARN_UNUSED_VARIABLE = YES;
				IPHONEOS_DEPLOYMENT_TARGET = 6.0;
				MTL_ENABLE_DEBUG_INFO = NO;
				SDKROOT = iphoneos;
				VALIDATE_PRODUCT = YES;
			};
			name = Release;
		};
		B2F4A0EF1AC901D70022ACA5 /* Debug */ = {
			isa = XCBuildConfiguration;
			buildSettings = {
				HEADER_SEARCH_PATHS = "$(inherited)/**";
				LIBRARY_SEARCH_PATHS = (
					"$(inherited)",
					"$(PROJECT_DIR)/KTAppFrame/3rd/AFNetworking",
					"$(PROJECT_DIR)/KTAppFrame/thirdPartyLibs/AFNetworking",
					"$(PROJECT_DIR)/KTAppFrame/ThirdPartyLibs/AFNetworking",
				);
				PRODUCT_NAME = "$(TARGET_NAME)";
				SKIP_INSTALL = YES;
			};
			name = Debug;
		};
		B2F4A0F01AC901D70022ACA5 /* Release */ = {
			isa = XCBuildConfiguration;
			buildSettings = {
				HEADER_SEARCH_PATHS = "$(inherited)/**";
				LIBRARY_SEARCH_PATHS = (
					"$(inherited)",
					"$(PROJECT_DIR)/KTAppFrame/3rd/AFNetworking",
					"$(PROJECT_DIR)/KTAppFrame/thirdPartyLibs/AFNetworking",
					"$(PROJECT_DIR)/KTAppFrame/ThirdPartyLibs/AFNetworking",
				);
				PRODUCT_NAME = "$(TARGET_NAME)";
				SKIP_INSTALL = YES;
			};
			name = Release;
		};
		B2F4A0F21AC901D70022ACA5 /* Debug */ = {
			isa = XCBuildConfiguration;
			buildSettings = {
				FRAMEWORK_SEARCH_PATHS = (
					"$(SDKROOT)/Developer/Library/Frameworks",
					"$(inherited)",
				);
				GCC_PREPROCESSOR_DEFINITIONS = (
					"DEBUG=1",
					"$(inherited)",
				);
				INFOPLIST_FILE = KTAppFrameTests/Info.plist;
				LD_RUNPATH_SEARCH_PATHS = "$(inherited) @executable_path/Frameworks @loader_path/Frameworks";
				PRODUCT_NAME = "$(TARGET_NAME)";
			};
			name = Debug;
		};
		B2F4A0F31AC901D70022ACA5 /* Release */ = {
			isa = XCBuildConfiguration;
			buildSettings = {
				FRAMEWORK_SEARCH_PATHS = (
					"$(SDKROOT)/Developer/Library/Frameworks",
					"$(inherited)",
				);
				INFOPLIST_FILE = KTAppFrameTests/Info.plist;
				LD_RUNPATH_SEARCH_PATHS = "$(inherited) @executable_path/Frameworks @loader_path/Frameworks";
				PRODUCT_NAME = "$(TARGET_NAME)";
			};
			name = Release;
		};
/* End XCBuildConfiguration section */

/* Begin XCConfigurationList section */
		B2F4A0D51AC901D70022ACA5 /* Build configuration list for PBXProject "KTAppFrame" */ = {
			isa = XCConfigurationList;
			buildConfigurations = (
				B2F4A0EC1AC901D70022ACA5 /* Debug */,
				B2F4A0ED1AC901D70022ACA5 /* Release */,
			);
			defaultConfigurationIsVisible = 0;
			defaultConfigurationName = Release;
		};
		B2F4A0EE1AC901D70022ACA5 /* Build configuration list for PBXNativeTarget "KTAppFrame" */ = {
			isa = XCConfigurationList;
			buildConfigurations = (
				B2F4A0EF1AC901D70022ACA5 /* Debug */,
				B2F4A0F01AC901D70022ACA5 /* Release */,
			);
			defaultConfigurationIsVisible = 0;
			defaultConfigurationName = Release;
		};
		B2F4A0F11AC901D70022ACA5 /* Build configuration list for PBXNativeTarget "KTAppFrameTests" */ = {
			isa = XCConfigurationList;
			buildConfigurations = (
				B2F4A0F21AC901D70022ACA5 /* Debug */,
				B2F4A0F31AC901D70022ACA5 /* Release */,
			);
			defaultConfigurationIsVisible = 0;
			defaultConfigurationName = Release;
		};
/* End XCConfigurationList section */
	};
	rootObject = B2F4A0D21AC901D70022ACA5 /* Project object */;
}
